
Microsoft Visual Studio Solution File, Format Version 12.00
# Visual Studio Version 17
VisualStudioVersion = 17.14.36414.22
MinimumVisualStudioVersion = 10.0.40219.1
Project("{2150E333-8FDC-42A3-9474-1A3956D46DE8}") = "_SolutionItems", "_SolutionItems", "{79A1E7AE-CC00-33D7-92ED-603B43B6E6A3}"
	ProjectSection(SolutionItems) = preProject
		.gitattributes = .gitattributes
		.gitignore = .gitignore
		Directory.Builds.props = Directory.Builds.props
		Directory.Packages.props = Directory.Packages.props
		global.json = global.json
		LICENSE = LICENSE
		README.md = README.md
	EndProjectSection
EndProject
Project("{2150E333-8FDC-42A3-9474-1A3956D46DE8}") = "Mm.Net", "Mm.Net", "{643F929F-4586-F989-191D-50EC9486DFB5}"
	ProjectSection(SolutionItems) = preProject
		Mm\.projects.yaml = Mm\.projects.yaml
		Mm\LICENSING = Mm\LICENSING
		Mm\NuGet.config = Mm\NuGet.config
		Mm\README.md = Mm\README.md
	EndProjectSection
EndProject
Project("{2150E333-8FDC-42A3-9474-1A3956D46DE8}") = "src", "src", "{C3549AB6-3A11-C51C-E5F7-74E379252964}"
EndProject
Project("{2150E333-8FDC-42A3-9474-1A3956D46DE8}") = "test", "test", "{AC95C712-AA5D-37D7-BAAA-F38F717F6180}"
EndProject
Project("{2150E333-8FDC-42A3-9474-1A3956D46DE8}") = "CSharp.Object.Builder", "CSharp.Object.Builder", "{173E3EAD-6D93-55F0-D214-A74B76E15AF5}"
	ProjectSection(SolutionItems) = preProject
		CSharp.Object.Builder\.projects.yaml = CSharp.Object.Builder\.projects.yaml
		CSharp.Object.Builder\LICENSE = CSharp.Object.Builder\LICENSE
		CSharp.Object.Builder\NuGet.config = CSharp.Object.Builder\NuGet.config
		CSharp.Object.Builder\README.md = CSharp.Object.Builder\README.md
	EndProjectSection
EndProject
Project("{2150E333-8FDC-42A3-9474-1A3956D46DE8}") = "CSharp.Object.Validator", "CSharp.Object.Validator", "{57CFE570-A08A-C23A-23E8-09FAFFEE0554}"
	ProjectSection(SolutionItems) = preProject
		CSharp.Object.Validator\.projects.yaml = CSharp.Object.Validator\.projects.yaml
		CSharp.Object.Validator\LICENSE = CSharp.Object.Validator\LICENSE
		CSharp.Object.Validator\NuGet.config = CSharp.Object.Validator\NuGet.config
		CSharp.Object.Validator\README.md = CSharp.Object.Validator\README.md
	EndProjectSection
EndProject
Project("{2150E333-8FDC-42A3-9474-1A3956D46DE8}") = "src", "src", "{DFE515CA-4E74-417A-190B-9D55A817D470}"
EndProject
Project("{2150E333-8FDC-42A3-9474-1A3956D46DE8}") = "test", "test", "{C38B4B85-A05E-0F38-AC3E-977928BD0FBD}"
EndProject
Project("{FAE04EC0-301F-11D3-BF4B-00C04F79EFBC}") = "FrenchExDev.Net.Mm", "Mm\src\FrenchExDev.Net.Mm\FrenchExDev.Net.Mm.csproj", "{5D3D888B-2915-158D-953D-5D0E500C126A}"
EndProject
Project("{FAE04EC0-301F-11D3-BF4B-00C04F79EFBC}") = "FrenchExDev.Net.Mm.Abstractions", "Mm\src\FrenchExDev.Net.Mm.Abstractions\FrenchExDev.Net.Mm.Abstractions.csproj", "{AC47BB94-A4C1-45D3-4ED2-AD68F4F7CC07}"
EndProject
Project("{FAE04EC0-301F-11D3-BF4B-00C04F79EFBC}") = "FrenchExDev.Net.Mm.App.Cli", "Mm\src\FrenchExDev.Net.Mm.App.Cli\FrenchExDev.Net.Mm.App.Cli.csproj", "{A78BE95D-1539-F73C-CE2B-9CF11052986B}"
EndProject
Project("{FAE04EC0-301F-11D3-BF4B-00C04F79EFBC}") = "FrenchExDev.Net.Mm.App.Cli.Testing", "Mm\src\FrenchExDev.Net.Mm.App.Cli.Testing\FrenchExDev.Net.Mm.App.Cli.Testing.csproj", "{96C3921C-6C5F-DEAB-56B4-14EDC9E2F86A}"
EndProject
Project("{FAE04EC0-301F-11D3-BF4B-00C04F79EFBC}") = "FrenchExDev.Net.Mm.App.WebApi", "Mm\src\FrenchExDev.Net.Mm.App.WebApi\FrenchExDev.Net.Mm.App.WebApi.csproj", "{913B7449-EE8A-8205-3188-3B44AB21CDF0}"
EndProject
Project("{FAE04EC0-301F-11D3-BF4B-00C04F79EFBC}") = "FrenchExDev.Net.Mm.App.WebApi.Testing", "Mm\src\FrenchExDev.Net.Mm.App.WebApi.Testing\FrenchExDev.Net.Mm.App.WebApi.Testing.csproj", "{648FA278-93B7-C873-BFFA-A3E410991A73}"
EndProject
Project("{FAE04EC0-301F-11D3-BF4B-00C04F79EFBC}") = "FrenchExDev.Net.Mm.App.WebWorker", "Mm\src\FrenchExDev.Net.Mm.App.WebWorker\FrenchExDev.Net.Mm.App.WebWorker.csproj", "{4633BC75-F8AE-416C-B591-24439FDB337A}"
EndProject
Project("{FAE04EC0-301F-11D3-BF4B-00C04F79EFBC}") = "FrenchExDev.Net.Mm.App.WebWorker.Testing", "Mm\src\FrenchExDev.Net.Mm.App.WebWorker.Testing\FrenchExDev.Net.Mm.App.WebWorker.Testing.csproj", "{E957D64E-A075-D80D-ACA4-9BABFB2A5D0B}"
EndProject
Project("{FAE04EC0-301F-11D3-BF4B-00C04F79EFBC}") = "FrenchExDev.Net.Mm.Module.Library", "Mm\src\FrenchExDev.Net.Mm.Module.Library\FrenchExDev.Net.Mm.Module.Library.csproj", "{B8359E0D-2849-7C3A-36EC-7558AD77A33E}"
EndProject
Project("{FAE04EC0-301F-11D3-BF4B-00C04F79EFBC}") = "FrenchExDev.Net.Mm.Module.Library.Abstractions", "Mm\src\FrenchExDev.Net.Mm.Module.Library.Abstractions\FrenchExDev.Net.Mm.Module.Library.Abstractions.csproj", "{1FA0162C-0406-85F1-D40A-C1D2D8CC3FDF}"
EndProject
Project("{FAE04EC0-301F-11D3-BF4B-00C04F79EFBC}") = "FrenchExDev.Net.Mm.Module.Library.Testing", "Mm\src\FrenchExDev.Net.Mm.Module.Library.Testing\FrenchExDev.Net.Mm.Module.Library.Testing.csproj", "{D755DD94-03FE-B011-328F-1B532C82EACB}"
EndProject
Project("{FAE04EC0-301F-11D3-BF4B-00C04F79EFBC}") = "FrenchExDev.Net.Mm.Abstractions.Tests", "Mm\test\FrenchExDev.Net.Mm.Abstractions.Tests\FrenchExDev.Net.Mm.Abstractions.Tests.csproj", "{937DFFC5-2B9D-2C70-94F6-337D7E845374}"
EndProject
Project("{FAE04EC0-301F-11D3-BF4B-00C04F79EFBC}") = "FrenchExDev.Net.Mm.App.Cli.Tests", "Mm\test\FrenchExDev.Net.Mm.App.Cli.Tests\FrenchExDev.Net.Mm.App.Cli.Tests.csproj", "{AA8DFD74-D319-C7A1-CB38-D80735BC99D7}"
EndProject
Project("{FAE04EC0-301F-11D3-BF4B-00C04F79EFBC}") = "FrenchExDev.Net.Mm.App.WebApi.Tests", "Mm\test\FrenchExDev.Net.Mm.App.WebApi.Tests\FrenchExDev.Net.Mm.App.WebApi.Tests.csproj", "{F679AF13-B342-FF09-00DB-65D88C9C3E2E}"
EndProject
Project("{FAE04EC0-301F-11D3-BF4B-00C04F79EFBC}") = "FrenchExDev.Net.Mm.App.WebWorker.Tests", "Mm\test\FrenchExDev.Net.Mm.App.WebWorker.Tests\FrenchExDev.Net.Mm.App.WebWorker.Tests.csproj", "{B37FE1B8-5BAF-A3CF-A10C-B1846DB1C27E}"
EndProject
Project("{FAE04EC0-301F-11D3-BF4B-00C04F79EFBC}") = "FrenchExDev.Net.Mm.Module.Library.Tests", "Mm\test\FrenchExDev.Net.Mm.Module.Library.Tests\FrenchExDev.Net.Mm.Module.Library.Tests.csproj", "{B46E3090-6384-17D9-FC97-D19AA7694F00}"
EndProject
Project("{2150E333-8FDC-42A3-9474-1A3956D46DE8}") = "src", "src", "{0616F728-848E-4D52-7B61-FA73E8698C40}"
EndProject
Project("{2150E333-8FDC-42A3-9474-1A3956D46DE8}") = "test", "test", "{231DCA9A-3677-E20E-7706-4F26B366CE27}"
EndProject
Project("{FAE04EC0-301F-11D3-BF4B-00C04F79EFBC}") = "FrenchExDev.Net.Mm.App.Cli.Builder.Tests", "Mm\test\FrenchExDev.Net.Mm.App.Cli.Builder.Tests\FrenchExDev.Net.Mm.App.Cli.Builder.Tests.csproj", "{CF34B11C-B290-46A5-9014-DCCC1DCD01D1}"
EndProject
Project("{FAE04EC0-301F-11D3-BF4B-00C04F79EFBC}") = "FrenchExDev.Net.Mm.App.Cli.Generator.Tests", "Mm\test\FrenchExDev.Net.Mm.App.Cli.Generator.Tests\FrenchExDev.Net.Mm.App.Cli.Generator.Tests.csproj", "{605DA268-EC15-E2A4-CA68-7F066CF1D98C}"
EndProject
Project("{FAE04EC0-301F-11D3-BF4B-00C04F79EFBC}") = "FrenchExDev.Net.Mm.App.Desktop.Builder.Tests", "Mm\test\FrenchExDev.Net.Mm.App.Desktop.Builder.Tests\FrenchExDev.Net.Mm.App.Desktop.Builder.Tests.csproj", "{1AB41D67-77E4-1E47-5112-9615EAEBA03B}"
EndProject
Project("{FAE04EC0-301F-11D3-BF4B-00C04F79EFBC}") = "FrenchExDev.Net.Mm.App.Desktop.Generator.Tests", "Mm\test\FrenchExDev.Net.Mm.App.Desktop.Generator.Tests\FrenchExDev.Net.Mm.App.Desktop.Generator.Tests.csproj", "{2DF418AD-B2A5-C82E-ECA4-010AB2FE1634}"
EndProject
Project("{FAE04EC0-301F-11D3-BF4B-00C04F79EFBC}") = "FrenchExDev.Net.Mm.App.Desktop.Tests", "Mm\test\FrenchExDev.Net.Mm.App.Desktop.Tests\FrenchExDev.Net.Mm.App.Desktop.Tests.csproj", "{B8F91591-EAB3-6D33-F468-7CBCFE301C3F}"
EndProject
Project("{FAE04EC0-301F-11D3-BF4B-00C04F79EFBC}") = "FrenchExDev.Net.Mm.Module.Library.Builder.Tests", "Mm\test\FrenchExDev.Net.Mm.Module.Library.Builder.Tests\FrenchExDev.Net.Mm.Module.Library.Builder.Tests.csproj", "{6DF72DC1-3E63-BC2E-0BFE-925F25716F71}"
EndProject
Project("{FAE04EC0-301F-11D3-BF4B-00C04F79EFBC}") = "FrenchExDev.Net.Mm.Module.Library.Generator.Tests", "Mm\test\FrenchExDev.Net.Mm.Module.Library.Generator.Tests\FrenchExDev.Net.Mm.Module.Library.Generator.Tests.csproj", "{39692958-DB36-1523-2035-4E1BF9D61835}"
EndProject
Project("{FAE04EC0-301F-11D3-BF4B-00C04F79EFBC}") = "FrenchExDev.Net.Dotnet.Project", "Dotnet\Project\src\FrenchExDev.Net.Dotnet.Project\FrenchExDev.Net.Dotnet.Project.csproj", "{B701EEAB-C141-3720-8D59-C5A534B4FDD9}"
EndProject
Project("{FAE04EC0-301F-11D3-BF4B-00C04F79EFBC}") = "FrenchExDev.Net.Dotnet.Project.Abstractions", "Dotnet\Project\src\FrenchExDev.Net.Dotnet.Project.Abstractions\FrenchExDev.Net.Dotnet.Project.Abstractions.csproj", "{9FB153F5-C625-6F46-BBA2-B09B937B1D08}"
EndProject
Project("{2150E333-8FDC-42A3-9474-1A3956D46DE8}") = "Alpine.Version", "Alpine.Version", "{5052BB47-7C59-06AC-EC03-867B59B31F6F}"
	ProjectSection(SolutionItems) = preProject
		Alpine\.projects.yaml = Alpine\.projects.yaml
		Alpine\LICENSE = Alpine\LICENSE
		Alpine\NuGet.config = Alpine\NuGet.config
		Alpine\README.md = Alpine\README.md
	EndProjectSection
EndProject
Project("{2150E333-8FDC-42A3-9474-1A3956D46DE8}") = "CSharp.Object.Model", "CSharp.Object.Model", "{785B65F0-089F-3E01-702D-9F6F506C829C}"
	ProjectSection(SolutionItems) = preProject
		CSharp.Object.Model\.projects.yaml = CSharp.Object.Model\.projects.yaml
		CSharp.Object.Model\LICENSE = CSharp.Object.Model\LICENSE
		CSharp.Object.Model\NuGet.config = CSharp.Object.Model\NuGet.config
		CSharp.Object.Model\README.md = CSharp.Object.Model\README.md
	EndProjectSection
EndProject
Project("{2150E333-8FDC-42A3-9474-1A3956D46DE8}") = "src", "src", "{C27554C5-EF1B-9968-C40E-16B82DECE291}"
EndProject
Project("{2150E333-8FDC-42A3-9474-1A3956D46DE8}") = "test", "test", "{34182781-BFA3-C61F-0083-709A9EBE234F}"
EndProject
Project("{2150E333-8FDC-42A3-9474-1A3956D46DE8}") = "VirtualBox", "VirtualBox", "{D884CDBA-AF85-3B7C-A9FB-C886207B0C25}"
EndProject
Project("{2150E333-8FDC-42A3-9474-1A3956D46DE8}") = "Dotnet.NuGet", "Dotnet.NuGet", "{CE4DAB33-0EEF-E220-65A0-D26B4133C35B}"
EndProject
Project("{2150E333-8FDC-42A3-9474-1A3956D46DE8}") = "Dotnet.Solution", "Dotnet.Solution", "{C90B00D4-734E-5927-234F-582767C2E41C}"
EndProject
Project("{2150E333-8FDC-42A3-9474-1A3956D46DE8}") = "Dotnet.Project", "Dotnet.Project", "{FF5D5AD3-3FCD-C3F4-BC7F-506B8ED4CC43}"
EndProject
Project("{FAE04EC0-301F-11D3-BF4B-00C04F79EFBC}") = "FrenchExDev.Net.Dotnet.Project.Infrastructure", "Dotnet\Project\src\FrenchExDev.Net.Dotnet.Project.Infrastructure\FrenchExDev.Net.Dotnet.Project.Infrastructure.csproj", "{08C4F66E-065A-F8B9-5901-E85A98777AF4}"
EndProject
Project("{FAE04EC0-301F-11D3-BF4B-00C04F79EFBC}") = "FrenchExDev.Net.Dotnet.Project.Testing", "Dotnet\Project\src\FrenchExDev.Net.Dotnet.Project.Testing\FrenchExDev.Net.Dotnet.Project.Testing.csproj", "{42D17C4D-4B0D-68C7-FA55-57723367CBBA}"
EndProject
Project("{2150E333-8FDC-42A3-9474-1A3956D46DE8}") = "src", "src", "{25DE01E2-1A93-332C-F16A-D7B630191B68}"
EndProject
Project("{2150E333-8FDC-42A3-9474-1A3956D46DE8}") = "test", "test", "{E4A2F344-A2D6-A532-1680-5FC38962C65C}"
EndProject
Project("{FAE04EC0-301F-11D3-BF4B-00C04F79EFBC}") = "FrenchExDev.Net.Dotnet.Project.Tests", "Dotnet\Project\test\FrenchExDev.Net.Dotnet.Project.Tests\FrenchExDev.Net.Dotnet.Project.Tests.csproj", "{B45DC250-6F80-DDB7-6B34-0A0B8F382EB2}"
EndProject
Project("{2150E333-8FDC-42A3-9474-1A3956D46DE8}") = "src", "src", "{C4458FE1-714C-2F70-2A88-C900BDD8FCAC}"
EndProject
Project("{2150E333-8FDC-42A3-9474-1A3956D46DE8}") = "test", "test", "{352540C3-6FDD-3062-1975-E832EB310E27}"
EndProject
Project("{FAE04EC0-301F-11D3-BF4B-00C04F79EFBC}") = "FrenchExDev.Net.Dotnet.Solution", "Dotnet\Solution\src\FrenchExDev.Net.Dotnet.Solution\FrenchExDev.Net.Dotnet.Solution.csproj", "{958070D0-BE20-2412-8C63-9F4BAE1CE852}"
EndProject
Project("{FAE04EC0-301F-11D3-BF4B-00C04F79EFBC}") = "FrenchExDev.Net.Dotnet.Solution.Abstractions", "Dotnet\Solution\src\FrenchExDev.Net.Dotnet.Solution.Abstractions\FrenchExDev.Net.Dotnet.Solution.Abstractions.csproj", "{D10BF6BF-AE07-303C-38DE-2B826A061DF3}"
EndProject
Project("{FAE04EC0-301F-11D3-BF4B-00C04F79EFBC}") = "FrenchExDev.Net.Dotnet.Solution.Infrastructure", "Dotnet\Solution\src\FrenchExDev.Net.Dotnet.Solution.Infrastructure\FrenchExDev.Net.Dotnet.Solution.Infrastructure.csproj", "{80FE7207-883A-80DC-C022-C7A6A70520B3}"
EndProject
Project("{FAE04EC0-301F-11D3-BF4B-00C04F79EFBC}") = "FrenchExDev.Net.Dotnet.Solution.Testing", "Dotnet\Solution\src\FrenchExDev.Net.Dotnet.Solution.Testing\FrenchExDev.Net.Dotnet.Solution.Testing.csproj", "{AC25ED61-85B7-710E-644D-EC5503932845}"
EndProject
Project("{FAE04EC0-301F-11D3-BF4B-00C04F79EFBC}") = "FrenchExDev.Net.Dotnet.Solution.Tests", "Dotnet\Solution\test\FrenchExDev.Net.Dotnet.Solution.Tests\FrenchExDev.Net.Dotnet.Solution.Tests.csproj", "{1710F820-EAD7-4C51-0545-837551F15899}"
EndProject
Project("{2150E333-8FDC-42A3-9474-1A3956D46DE8}") = "src", "src", "{BB1A9915-F70C-6051-828F-28F664B63ED2}"
EndProject
Project("{2150E333-8FDC-42A3-9474-1A3956D46DE8}") = "test", "test", "{E49994AA-0854-A67D-A0F6-058A4C33AE57}"
EndProject
Project("{2150E333-8FDC-42A3-9474-1A3956D46DE8}") = "Vagrant", "Vagrant", "{34F12BB8-6D95-3872-7811-274C7BE05DA9}"
EndProject
Project("{2150E333-8FDC-42A3-9474-1A3956D46DE8}") = "Packer", "Packer", "{BC51AEF8-30DD-A4B4-8125-A03B504D9B8E}"
	ProjectSection(SolutionItems) = preProject
		Packer\LICENSE = Packer\LICENSE
		Packer\README.md = Packer\README.md
	EndProjectSection
EndProject
Project("{2150E333-8FDC-42A3-9474-1A3956D46DE8}") = "Vos", "Vos", "{1A35DE0D-935E-5750-94B3-864CD55BF368}"
	ProjectSection(SolutionItems) = preProject
		Vos\LICENSE = Vos\LICENSE
		Vos\README.md = Vos\README.md
	EndProjectSection
EndProject
Project("{2150E333-8FDC-42A3-9474-1A3956D46DE8}") = "Dos", "Dos", "{56FC5A53-C350-67E3-83FF-F083A7D5E87F}"
EndProject
Project("{2150E333-8FDC-42A3-9474-1A3956D46DE8}") = "src", "src", "{C5AF9942-1697-9C57-657C-BBE24C2131FE}"
EndProject
Project("{2150E333-8FDC-42A3-9474-1A3956D46DE8}") = "test", "test", "{93E62DA8-F720-3D3D-0769-9EC16904B05B}"
EndProject
Project("{2150E333-8FDC-42A3-9474-1A3956D46DE8}") = "src", "src", "{42F313A5-7F0B-6B53-7D78-A8EE1E0FF7D9}"
EndProject
Project("{2150E333-8FDC-42A3-9474-1A3956D46DE8}") = "test", "test", "{FF13334C-99B5-34AE-80FB-6C1C2942C1E0}"
EndProject
Project("{2150E333-8FDC-42A3-9474-1A3956D46DE8}") = "test", "test", "{9C911C38-6A80-7882-815C-A9A9A66E41C8}"
EndProject
Project("{2150E333-8FDC-42A3-9474-1A3956D46DE8}") = "src", "src", "{E4A57414-6963-C637-9618-3BDCE8D9D6B1}"
EndProject
Project("{2150E333-8FDC-42A3-9474-1A3956D46DE8}") = "src", "src", "{08650216-69EE-DBF9-260E-785B86CF5863}"
EndProject
Project("{2150E333-8FDC-42A3-9474-1A3956D46DE8}") = "test", "test", "{3649177F-8C01-CD9A-B5EC-47AE36CA5014}"
EndProject
Project("{2150E333-8FDC-42A3-9474-1A3956D46DE8}") = "src", "src", "{4461977D-8678-DA64-7326-6F017B146E94}"
EndProject
Project("{2150E333-8FDC-42A3-9474-1A3956D46DE8}") = "test", "test", "{204D01B8-B224-407D-CE2A-5E8405822668}"
EndProject
Project("{2150E333-8FDC-42A3-9474-1A3956D46DE8}") = "WinGet", "WinGet", "{5A07744F-7871-F2B3-E1FF-5F00A6160159}"
EndProject
Project("{2150E333-8FDC-42A3-9474-1A3956D46DE8}") = "src", "src", "{83C26A11-F188-B8B7-08F2-01870EC66E16}"
EndProject
Project("{2150E333-8FDC-42A3-9474-1A3956D46DE8}") = "test", "test", "{D4851048-749A-603A-BC09-81D2D66ACB69}"
EndProject
Project("{FAE04EC0-301F-11D3-BF4B-00C04F79EFBC}") = "FrenchExDev.Net.Mm.App.Desktop", "Mm\src\FrenchExDev.Net.Mm.App.Desktop\FrenchExDev.Net.Mm.App.Desktop.csproj", "{5AE85646-979B-E09F-CFA6-B0172D8CBC5D}"
EndProject
Project("{FAE04EC0-301F-11D3-BF4B-00C04F79EFBC}") = "FrenchExDev.Net.Mm.App.Desktop.Abstractions", "Mm\src\FrenchExDev.Net.Mm.App.Desktop.Abstractions\FrenchExDev.Net.Mm.App.Desktop.Abstractions.csproj", "{2DAEA758-D49D-D61F-8FFE-08F0DB032B78}"
EndProject
Project("{FAE04EC0-301F-11D3-BF4B-00C04F79EFBC}") = "FrenchExDev.Net.Mm.App.Desktop.Builder", "Mm\src\FrenchExDev.Net.Mm.App.Desktop.Builder\FrenchExDev.Net.Mm.App.Desktop.Builder.csproj", "{C2AA60AA-F7FF-B1BB-CE48-3BD1015D9E10}"
EndProject
Project("{FAE04EC0-301F-11D3-BF4B-00C04F79EFBC}") = "FrenchExDev.Net.Mm.App.Desktop.Builder.Abstractions", "Mm\src\FrenchExDev.Net.Mm.App.Desktop.Builder.Abstractions\FrenchExDev.Net.Mm.App.Desktop.Builder.Abstractions.csproj", "{B5FC69EB-A801-C53E-5BF5-A7A4B13FEFEB}"
EndProject
Project("{FAE04EC0-301F-11D3-BF4B-00C04F79EFBC}") = "FrenchExDev.Net.Mm.App.Desktop.Builder.Infrastructure", "Mm\src\FrenchExDev.Net.Mm.App.Desktop.Builder.Infrastructure\FrenchExDev.Net.Mm.App.Desktop.Builder.Infrastructure.csproj", "{8F383597-BEB5-19CB-26BC-855257452252}"
EndProject
Project("{FAE04EC0-301F-11D3-BF4B-00C04F79EFBC}") = "FrenchExDev.Net.Mm.App.Desktop.Builder.Testing", "Mm\src\FrenchExDev.Net.Mm.App.Desktop.Builder.Testing\FrenchExDev.Net.Mm.App.Desktop.Builder.Testing.csproj", "{A713CFFF-5B7D-6CF1-55F8-8AF155AF77EA}"
EndProject
Project("{FAE04EC0-301F-11D3-BF4B-00C04F79EFBC}") = "FrenchExDev.Net.Alpine.Version", "Alpine\src\FrenchExDev.Net.Alpine.Version\FrenchExDev.Net.Alpine.Version.csproj", "{4236DC55-C07B-897D-1DD1-F58BC615EBF2}"
EndProject
Project("{FAE04EC0-301F-11D3-BF4B-00C04F79EFBC}") = "FrenchExDev.Net.Alpine.Version.Testing", "Alpine\src\FrenchExDev.Net.Alpine.Version.Testing\FrenchExDev.Net.Alpine.Version.Testing.csproj", "{C908E7B2-73D6-C686-0FC6-F4469A61AB01}"
EndProject
Project("{FAE04EC0-301F-11D3-BF4B-00C04F79EFBC}") = "FrenchExDev.Net.Alpine.Version.Tests", "Alpine\test\FrenchExDev.Net.Alpine.Version.Tests\FrenchExDev.Net.Alpine.Version.Tests.csproj", "{0140FD42-C329-5D20-8545-43339B7ECA6B}"
EndProject
Project("{2150E333-8FDC-42A3-9474-1A3956D46DE8}") = "byProducts", "byProducts", "{EA88D076-DF0E-4CFE-CEE0-8019F2935EA6}"
EndProject
Project("{2150E333-8FDC-42A3-9474-1A3956D46DE8}") = "Alpine", "Alpine", "{6DE27727-E747-85D4-434E-4E723A6C5C4A}"
	ProjectSection(SolutionItems) = preProject
		Packer.Alpine\LICENSE = Packer.Alpine\LICENSE
		Packer.Alpine\README.md = Packer.Alpine\README.md
	EndProjectSection
EndProject
Project("{2150E333-8FDC-42A3-9474-1A3956D46DE8}") = "src", "src", "{BE95CBAB-9573-6B5A-AF6F-E8495A634055}"
EndProject
Project("{2150E333-8FDC-42A3-9474-1A3956D46DE8}") = "test", "test", "{D9E472F2-6644-4458-14EF-4A800CDCCECD}"
EndProject
Project("{2150E333-8FDC-42A3-9474-1A3956D46DE8}") = "byProducts", "byProducts", "{899FB8F2-1A88-FCA7-B836-9A1B00B9C65B}"
EndProject
Project("{2150E333-8FDC-42A3-9474-1A3956D46DE8}") = "Docker", "Docker", "{52D1CB29-C8B3-7405-C25A-1562DDF40E12}"
	ProjectSection(SolutionItems) = preProject
		Packer.Alpine.Docker\LICENSE = Packer.Alpine.Docker\LICENSE
		Packer.Alpine.Docker\README.md = Packer.Alpine.Docker\README.md
	EndProjectSection
EndProject
Project("{2150E333-8FDC-42A3-9474-1A3956D46DE8}") = "Kubernetes", "Kubernetes", "{2E696AFF-5807-F9B0-A640-936B543B9AF5}"
	ProjectSection(SolutionItems) = preProject
		Packer.Alpine.Kubernetes\LICENSE = Packer.Alpine.Kubernetes\LICENSE
		Packer.Alpine.Kubernetes\README.md = Packer.Alpine.Kubernetes\README.md
	EndProjectSection
EndProject
Project("{2150E333-8FDC-42A3-9474-1A3956D46DE8}") = "src", "src", "{065D5947-00B5-302D-B59A-DC0773B1F9BB}"
EndProject
Project("{2150E333-8FDC-42A3-9474-1A3956D46DE8}") = "test", "test", "{632A1022-F1FF-2AF6-3697-3A91EEE3590C}"
EndProject
Project("{2150E333-8FDC-42A3-9474-1A3956D46DE8}") = "src", "src", "{9F9F6C50-F1ED-3C50-FEEA-9B013C15F61E}"
EndProject
Project("{2150E333-8FDC-42A3-9474-1A3956D46DE8}") = "test", "test", "{6C417896-B8DF-CE5A-EE6D-97C1CDF267C8}"
EndProject
Project("{FAE04EC0-301F-11D3-BF4B-00C04F79EFBC}") = "FrenchExDev.Net.Packer", "Packer\src\FrenchExDev.Net.Packer\FrenchExDev.Net.Packer.csproj", "{E41D066D-50A0-A830-EC36-3A4AAEE9BBFB}"
EndProject
Project("{FAE04EC0-301F-11D3-BF4B-00C04F79EFBC}") = "FrenchExDev.Net.Packer.Abstractions", "Packer\src\FrenchExDev.Net.Packer.Abstractions\FrenchExDev.Net.Packer.Abstractions.csproj", "{A0100A45-CFD5-1867-D676-06C6379F8ADC}"
EndProject
Project("{FAE04EC0-301F-11D3-BF4B-00C04F79EFBC}") = "FrenchExDev.Net.Packer.Infrastructure", "Packer\src\FrenchExDev.Net.Packer.Infrastructure\FrenchExDev.Net.Packer.Infrastructure.csproj", "{3742D6A9-042A-CBE9-6EBC-007AEC0AC77D}"
EndProject
Project("{FAE04EC0-301F-11D3-BF4B-00C04F79EFBC}") = "FrenchExDev.Net.Packer.Testing", "Packer\src\FrenchExDev.Net.Packer.Testing\FrenchExDev.Net.Packer.Testing.csproj", "{98C2522C-2C9C-F4FD-2FE2-3134224FC04A}"
EndProject
Project("{FAE04EC0-301F-11D3-BF4B-00C04F79EFBC}") = "FrenchExDev.Net.Packer.Tests", "Packer\test\FrenchExDev.Net.Packer.Tests\FrenchExDev.Net.Packer.Tests.csproj", "{A570E004-F873-19AC-7A71-39D582B1BCCF}"
EndProject
Project("{FAE04EC0-301F-11D3-BF4B-00C04F79EFBC}") = "FrenchExDev.Net.Packer.Alpine", "Packer.Alpine\src\FrenchExDev.Net.Packer.Alpine\FrenchExDev.Net.Packer.Alpine.csproj", "{92ED85BC-7E57-5FEF-B6EB-D6029D8556C0}"
EndProject
Project("{FAE04EC0-301F-11D3-BF4B-00C04F79EFBC}") = "FrenchExDev.Net.Packer.Alpine.Abstractions", "Packer.Alpine\src\FrenchExDev.Net.Packer.Alpine.Abstractions\FrenchExDev.Net.Packer.Alpine.Abstractions.csproj", "{C0E0F601-6D46-C344-AACC-20FD6AB26A2F}"
EndProject
Project("{FAE04EC0-301F-11D3-BF4B-00C04F79EFBC}") = "FrenchExDev.Net.Packer.Alpine.Infrastructure", "Packer.Alpine\src\FrenchExDev.Net.Packer.Alpine.Infrastructure\FrenchExDev.Net.Packer.Alpine.Infrastructure.csproj", "{99A9E493-26D1-430F-E689-64721635C8F6}"
EndProject
Project("{FAE04EC0-301F-11D3-BF4B-00C04F79EFBC}") = "FrenchExDev.Net.Packer.Alpine.Testing", "Packer.Alpine\src\FrenchExDev.Net.Packer.Alpine.Testing\FrenchExDev.Net.Packer.Alpine.Testing.csproj", "{B4B3A061-B87D-AEFA-32F7-97AA0ADA7C93}"
EndProject
Project("{FAE04EC0-301F-11D3-BF4B-00C04F79EFBC}") = "FrenchExDev.Net.Packer.Alpine.Tests", "Packer.Alpine\test\FrenchExDev.Net.Packer.Alpine.Tests\FrenchExDev.Net.Packer.Alpine.Tests.csproj", "{0CE949B2-B574-13A0-D9E8-7B33091219CD}"
EndProject
Project("{FAE04EC0-301F-11D3-BF4B-00C04F79EFBC}") = "FrenchExDev.Net.Packer.Alpine.Docker", "Packer.Alpine.Docker\src\FrenchExDev.Net.Packer.Alpine.Docker\FrenchExDev.Net.Packer.Alpine.Docker.csproj", "{697D9BA6-4BA4-4F96-9045-25A76A88F5E0}"
EndProject
Project("{FAE04EC0-301F-11D3-BF4B-00C04F79EFBC}") = "FrenchExDev.Net.Packer.Alpine.Docker.Abstractions", "Packer.Alpine.Docker\src\FrenchExDev.Net.Packer.Alpine.Docker.Abstractions\FrenchExDev.Net.Packer.Alpine.Docker.Abstractions.csproj", "{D09004D5-344F-30D4-04DD-5E71A3B41CEB}"
EndProject
Project("{FAE04EC0-301F-11D3-BF4B-00C04F79EFBC}") = "FrenchExDev.Net.Packer.Alpine.Docker.Infrastructure", "Packer.Alpine.Docker\src\FrenchExDev.Net.Packer.Alpine.Docker.Infrastructure\FrenchExDev.Net.Packer.Alpine.Docker.Infrastructure.csproj", "{3B15DC8A-321D-5738-647B-05AA1D4BFEE3}"
EndProject
Project("{FAE04EC0-301F-11D3-BF4B-00C04F79EFBC}") = "FrenchExDev.Net.Packer.Alpine.Docker.Testing", "Packer.Alpine.Docker\src\FrenchExDev.Net.Packer.Alpine.Docker.Testing\FrenchExDev.Net.Packer.Alpine.Docker.Testing.csproj", "{6B7FD650-099C-73BE-D0C8-046EFB09EF66}"
EndProject
Project("{FAE04EC0-301F-11D3-BF4B-00C04F79EFBC}") = "FrenchExDev.Net.Packer.Alpine.Docker.Tests", "Packer.Alpine.Docker\test\FrenchExDev.Net.Packer.Alpine.Docker.Tests\FrenchExDev.Net.Packer.Alpine.Docker.Tests.csproj", "{ACDEB3E0-E149-CF2D-C063-30A8A36653F6}"
EndProject
Project("{FAE04EC0-301F-11D3-BF4B-00C04F79EFBC}") = "FrenchExDev.Net.Packer.Alpine.Kubernetes", "Packer.Alpine.Kubernetes\src\FrenchExDev.Net.Packer.Alpine.Kubernetes\FrenchExDev.Net.Packer.Alpine.Kubernetes.csproj", "{48D4AC06-4B5D-3909-C9A5-81C0D7E05309}"
EndProject
Project("{FAE04EC0-301F-11D3-BF4B-00C04F79EFBC}") = "FrenchExDev.Net.Packer.Alpine.Kubernetes.Abstractions", "Packer.Alpine.Kubernetes\src\FrenchExDev.Net.Packer.Alpine.Kubernetes.Abstractions\FrenchExDev.Net.Packer.Alpine.Kubernetes.Abstractions.csproj", "{5ACB1DDD-3592-2251-B5D6-492F1B0D616B}"
EndProject
Project("{FAE04EC0-301F-11D3-BF4B-00C04F79EFBC}") = "FrenchExDev.Net.Packer.Alpine.Kubernetes.Testing", "Packer.Alpine.Kubernetes\src\FrenchExDev.Net.Packer.Alpine.Kubernetes.Testing\FrenchExDev.Net.Packer.Alpine.Kubernetes.Testing.csproj", "{4F9FE52C-597C-E071-9D78-A6716BE275C3}"
EndProject
Project("{FAE04EC0-301F-11D3-BF4B-00C04F79EFBC}") = "FrenchExDev.Net.Packer.Alpine.Kubernetes.Tests", "Packer.Alpine.Kubernetes\test\FrenchExDev.Net.Packer.Alpine.Kubernetes.Tests\FrenchExDev.Net.Packer.Alpine.Kubernetes.Tests.csproj", "{88806431-8155-D5DD-69A7-145AD71FA0D7}"
EndProject
Project("{2150E333-8FDC-42A3-9474-1A3956D46DE8}") = "Vos.Alpine", "Vos.Alpine", "{80B4DB89-85CD-8F81-5D72-16B9F619C778}"
	ProjectSection(SolutionItems) = preProject
		Vos.Alpine\LICENSE = Vos.Alpine\LICENSE
		Vos.Alpine\README.md = Vos.Alpine\README.md
	EndProjectSection
EndProject
Project("{2150E333-8FDC-42A3-9474-1A3956D46DE8}") = "byProducts", "byProducts", "{1E954AAE-ED67-387F-DF96-57C1FD049736}"
EndProject
Project("{2150E333-8FDC-42A3-9474-1A3956D46DE8}") = "Vos.Alpine.Docker", "Vos.Alpine.Docker", "{2B68052A-F753-DE22-98DF-E50F32C40F8D}"
	ProjectSection(SolutionItems) = preProject
		Vos.Alpine.Docker\LICENSE = Vos.Alpine.Docker\LICENSE
		Vos.Alpine.Docker\README.md = Vos.Alpine.Docker\README.md
	EndProjectSection
EndProject
Project("{2150E333-8FDC-42A3-9474-1A3956D46DE8}") = "Vos.Alpine.Kubernetes", "Vos.Alpine.Kubernetes", "{6B7D724D-4A3E-C181-0E91-2E22D1144DCC}"
	ProjectSection(SolutionItems) = preProject
		Vos.Alpine.Kubernetes\LICENSE = Vos.Alpine.Kubernetes\LICENSE
		Vos.Alpine.Kubernetes\README.md = Vos.Alpine.Kubernetes\README.md
	EndProjectSection
EndProject
Project("{2150E333-8FDC-42A3-9474-1A3956D46DE8}") = "src", "src", "{D3FA2A7E-C934-E331-2A64-5DA5CFD98FA1}"
EndProject
Project("{2150E333-8FDC-42A3-9474-1A3956D46DE8}") = "test", "test", "{88F855FD-E8A8-A5C0-0304-9D02BB462763}"
EndProject
Project("{2150E333-8FDC-42A3-9474-1A3956D46DE8}") = "test", "test", "{28CFA90C-47E1-4D9A-3066-03E8302A19D3}"
EndProject
Project("{2150E333-8FDC-42A3-9474-1A3956D46DE8}") = "src", "src", "{B9739B09-8A35-F919-3F02-E59E20F41436}"
EndProject
Project("{2150E333-8FDC-42A3-9474-1A3956D46DE8}") = "src", "src", "{C567B477-80C1-1E34-889F-4BA1B6A64D34}"
EndProject
Project("{2150E333-8FDC-42A3-9474-1A3956D46DE8}") = "test", "test", "{B397AFF6-F2ED-F795-8B6A-CBC0228BBF17}"
EndProject
Project("{FAE04EC0-301F-11D3-BF4B-00C04F79EFBC}") = "FrenchExDev.Net.Vos.Alpine", "Vos.Alpine\src\FrenchExDev.Net.Vos.Alpine\FrenchExDev.Net.Vos.Alpine.csproj", "{C2A2C62F-EEB1-F921-A73E-02983FF3C2F9}"
EndProject
Project("{FAE04EC0-301F-11D3-BF4B-00C04F79EFBC}") = "FrenchExDev.Net.Vos.Alpine.Abstractions", "Vos.Alpine\src\FrenchExDev.Net.Vos.Alpine.Abstractions\FrenchExDev.Net.Vos.Alpine.Abstractions.csproj", "{87CBA50D-7C9B-B93B-1AD1-3B55A635EB81}"
EndProject
Project("{FAE04EC0-301F-11D3-BF4B-00C04F79EFBC}") = "FrenchExDev.Net.Vos.Alpine.Tests", "Vos.Alpine\test\FrenchExDev.Net.Vos.Alpine.Tests\FrenchExDev.Net.Vos.Alpine.Tests.csproj", "{67251F3F-9230-A191-F182-E356FECF2BE2}"
EndProject
Project("{FAE04EC0-301F-11D3-BF4B-00C04F79EFBC}") = "FrenchExDev.Net.Vos.Alpine.Docker", "Vos.Alpine.Docker\src\FrenchExDev.Net.Vos.Alpine.Docker\FrenchExDev.Net.Vos.Alpine.Docker.csproj", "{C34FAA6F-D288-1372-8907-61AB99AF03CF}"
EndProject
Project("{FAE04EC0-301F-11D3-BF4B-00C04F79EFBC}") = "FrenchExDev.Net.Vos.Alpine.Docker.Abstractions", "Vos.Alpine.Docker\src\FrenchExDev.Net.Vos.Alpine.Docker.Abstractions\FrenchExDev.Net.Vos.Alpine.Docker.Abstractions.csproj", "{B52C03EC-F072-80A3-8812-1D0B0277F42D}"
EndProject
Project("{FAE04EC0-301F-11D3-BF4B-00C04F79EFBC}") = "FrenchExDev.Net.Vos.Alpine.Docker.Infrastructure", "Vos.Alpine.Docker\src\FrenchExDev.Net.Vos.Alpine.Docker.Infrastructure\FrenchExDev.Net.Vos.Alpine.Docker.Infrastructure.csproj", "{14A61691-8D75-F0E3-19F8-A8A3540DFF9F}"
EndProject
Project("{FAE04EC0-301F-11D3-BF4B-00C04F79EFBC}") = "FrenchExDev.Net.Vos.Alpine.Docker.Testing", "Vos.Alpine.Docker\src\FrenchExDev.Net.Vos.Alpine.Docker.Testing\FrenchExDev.Net.Vos.Alpine.Docker.Testing.csproj", "{DBC583EE-C3C8-F8CC-872E-39C635BFA3AE}"
EndProject
Project("{FAE04EC0-301F-11D3-BF4B-00C04F79EFBC}") = "FrenchExDev.Net.Vos.Alpine.Docker.Tests", "Vos.Alpine.Docker\test\FrenchExDev.Net.Vos.Alpine.Docker.Tests\FrenchExDev.Net.Vos.Alpine.Docker.Tests.csproj", "{C10989C1-D926-2397-D3CF-19DA3F112132}"
EndProject
Project("{FAE04EC0-301F-11D3-BF4B-00C04F79EFBC}") = "FrenchExDev.Net.Vos.Alpine.Kubernetes", "Vos.Alpine.Kubernetes\src\FrenchExDev.Net.Vos.Alpine.Kubernetes\FrenchExDev.Net.Vos.Alpine.Kubernetes.csproj", "{448794C0-1AFB-91F8-6128-9F5C2BDDF3B6}"
EndProject
Project("{FAE04EC0-301F-11D3-BF4B-00C04F79EFBC}") = "FrenchExDev.Net.Vos.Alpine.Kubernetes.Abstractions", "Vos.Alpine.Kubernetes\src\FrenchExDev.Net.Vos.Alpine.Kubernetes.Abstractions\FrenchExDev.Net.Vos.Alpine.Kubernetes.Abstractions.csproj", "{4EBBCEAD-C205-264B-4018-DD89F5881C2E}"
EndProject
Project("{FAE04EC0-301F-11D3-BF4B-00C04F79EFBC}") = "FrenchExDev.Net.Vos.Alpine.Kubernetes.Infrastructure", "Vos.Alpine.Kubernetes\src\FrenchExDev.Net.Vos.Alpine.Kubernetes.Infrastructure\FrenchExDev.Net.Vos.Alpine.Kubernetes.Infrastructure.csproj", "{C2844C33-614D-1FCA-04A6-8DB3EA4EB4EE}"
EndProject
Project("{FAE04EC0-301F-11D3-BF4B-00C04F79EFBC}") = "FrenchExDev.Net.Vos.Alpine.Kubernetes.Testing", "Vos.Alpine.Kubernetes\src\FrenchExDev.Net.Vos.Alpine.Kubernetes.Testing\FrenchExDev.Net.Vos.Alpine.Kubernetes.Testing.csproj", "{D3C9D43B-3F20-9E98-9064-7C08A29D3AE2}"
EndProject
Project("{FAE04EC0-301F-11D3-BF4B-00C04F79EFBC}") = "FrenchExDev.Net.Vos.Alpine.Kubernetes.Tests", "Vos.Alpine.Kubernetes\test\FrenchExDev.Net.Vos.Alpine.Kubernetes.Tests\FrenchExDev.Net.Vos.Alpine.Kubernetes.Tests.csproj", "{AC42955C-8602-4C0F-CD20-B38DFA6123C3}"
EndProject
Project("{FAE04EC0-301F-11D3-BF4B-00C04F79EFBC}") = "FrenchExDev.Net.Vos", "Vos\src\FrenchExDev.Net.Vos\FrenchExDev.Net.Vos.csproj", "{08D56216-7D35-0DB9-4104-AC4DD6123659}"
EndProject
Project("{FAE04EC0-301F-11D3-BF4B-00C04F79EFBC}") = "FrenchExDev.Net.Vos.Abstractions", "Vos\src\FrenchExDev.Net.Vos.Abstractions\FrenchExDev.Net.Vos.Abstractions.csproj", "{A42B4A89-0A71-59AB-D38B-93197E6DEA6B}"
EndProject
Project("{FAE04EC0-301F-11D3-BF4B-00C04F79EFBC}") = "FrenchExDev.Net.Vos.Infrastructure", "Vos\src\FrenchExDev.Net.Vos.Infrastructure\FrenchExDev.Net.Vos.Infrastructure.csproj", "{054374BD-044B-2AC6-C864-E673B10BE62C}"
EndProject
Project("{FAE04EC0-301F-11D3-BF4B-00C04F79EFBC}") = "FrenchExDev.Net.Vos.Testing", "Vos\src\FrenchExDev.Net.Vos.Testing\FrenchExDev.Net.Vos.Testing.csproj", "{8FFCC5C2-5973-926B-556C-6CECF36CE460}"
EndProject
Project("{FAE04EC0-301F-11D3-BF4B-00C04F79EFBC}") = "FrenchExDev.Net.Vos.Tests", "Vos\test\FrenchExDev.Net.Vos.Tests\FrenchExDev.Net.Vos.Tests.csproj", "{DA390392-8A4A-7077-D334-500FABBD13F4}"
EndProject
Project("{2150E333-8FDC-42A3-9474-1A3956D46DE8}") = "src", "src", "{612EB345-5F9F-ADA0-E106-C120E4E457C4}"
EndProject
Project("{2150E333-8FDC-42A3-9474-1A3956D46DE8}") = "test", "test", "{51DEC034-829B-41F8-46BF-E891B1202015}"
EndProject
Project("{FAE04EC0-301F-11D3-BF4B-00C04F79EFBC}") = "FrenchExDev.Net.CSharp.Object.Builder", "CSharp.Object.Builder\src\FrenchExDev.Net.CSharp.Object.Builder\FrenchExDev.Net.CSharp.Object.Builder.csproj", "{DB421590-F552-4A58-53A5-5341B62BF215}"
EndProject
Project("{FAE04EC0-301F-11D3-BF4B-00C04F79EFBC}") = "FrenchExDev.Net.CSharp.Object.Builder.Abstractions", "CSharp.Object.Builder\src\FrenchExDev.Net.CSharp.Object.Builder.Abstractions\FrenchExDev.Net.CSharp.Object.Builder.Abstractions.csproj", "{C10F8D3E-089B-7178-88C9-2CC4F13F74B8}"
EndProject
Project("{FAE04EC0-301F-11D3-BF4B-00C04F79EFBC}") = "FrenchExDev.Net.CSharp.Object.Builder.Testing", "CSharp.Object.Builder\src\FrenchExDev.Net.CSharp.Object.Builder.Testing\FrenchExDev.Net.CSharp.Object.Builder.Testing.csproj", "{2595CFA5-99DA-C21D-CCB6-DA4AF942D4D0}"
EndProject
Project("{FAE04EC0-301F-11D3-BF4B-00C04F79EFBC}") = "FrenchExDev.Net.CSharp.Object.Builder.Tests", "CSharp.Object.Builder\test\FrenchExDev.Net.CSharp.Object.Builder.Tests\FrenchExDev.Net.CSharp.Object.Builder.Tests.csproj", "{FADB296F-1D5B-13B0-49A5-395816C7E8F6}"
EndProject
Project("{FAE04EC0-301F-11D3-BF4B-00C04F79EFBC}") = "FrenchExDev.Net.CSharp.Object.Model", "CSharp.Object.Model\src\FrenchExDev.Net.CSharp.Object.Model\FrenchExDev.Net.CSharp.Object.Model.csproj", "{BFD7885F-69DB-DB88-130C-7EBE722E3CC1}"
EndProject
Project("{FAE04EC0-301F-11D3-BF4B-00C04F79EFBC}") = "FrenchExDev.Net.CSharp.Object.Model.Abstractions", "CSharp.Object.Model\src\FrenchExDev.Net.CSharp.Object.Model.Abstractions\FrenchExDev.Net.CSharp.Object.Model.Abstractions.csproj", "{F4CC55E3-7CA5-58AE-3B57-E1789AFC01B7}"
EndProject
Project("{FAE04EC0-301F-11D3-BF4B-00C04F79EFBC}") = "FrenchExDev.Net.CSharp.Object.Model.Infrastructure", "CSharp.Object.Model\src\FrenchExDev.Net.CSharp.Object.Model.Infrastructure\FrenchExDev.Net.CSharp.Object.Model.Infrastructure.csproj", "{103106FF-1703-DF7D-912D-EA299567B6C9}"
EndProject
Project("{FAE04EC0-301F-11D3-BF4B-00C04F79EFBC}") = "FrenchExDev.Net.CSharp.Object.Model.Testing", "CSharp.Object.Model\src\FrenchExDev.Net.CSharp.Object.Model.Testing\FrenchExDev.Net.CSharp.Object.Model.Testing.csproj", "{59FB1006-E6EB-0EAC-FCE8-9DEAF7CD0720}"
EndProject
Project("{FAE04EC0-301F-11D3-BF4B-00C04F79EFBC}") = "FrenchExDev.Net.CSharp.Object.Model.Tests", "CSharp.Object.Model\test\FrenchExDev.Net.CSharp.Object.Model.Tests\FrenchExDev.Net.CSharp.Object.Model.Tests.csproj", "{19690DED-00F3-36BB-89C0-E867F4A18EAD}"
EndProject
Global
	GlobalSection(SolutionConfigurationPlatforms) = preSolution
		Debug|Any CPU = Debug|Any CPU
		Release|Any CPU = Release|Any CPU
	EndGlobalSection
	GlobalSection(ProjectConfigurationPlatforms) = postSolution
		{5D3D888B-2915-158D-953D-5D0E500C126A}.Debug|Any CPU.ActiveCfg = Debug|Any CPU
		{5D3D888B-2915-158D-953D-5D0E500C126A}.Debug|Any CPU.Build.0 = Debug|Any CPU
		{5D3D888B-2915-158D-953D-5D0E500C126A}.Release|Any CPU.ActiveCfg = Release|Any CPU
		{5D3D888B-2915-158D-953D-5D0E500C126A}.Release|Any CPU.Build.0 = Release|Any CPU
		{AC47BB94-A4C1-45D3-4ED2-AD68F4F7CC07}.Debug|Any CPU.ActiveCfg = Debug|Any CPU
		{AC47BB94-A4C1-45D3-4ED2-AD68F4F7CC07}.Debug|Any CPU.Build.0 = Debug|Any CPU
		{AC47BB94-A4C1-45D3-4ED2-AD68F4F7CC07}.Release|Any CPU.ActiveCfg = Release|Any CPU
		{AC47BB94-A4C1-45D3-4ED2-AD68F4F7CC07}.Release|Any CPU.Build.0 = Release|Any CPU
		{A78BE95D-1539-F73C-CE2B-9CF11052986B}.Debug|Any CPU.ActiveCfg = Debug|Any CPU
		{A78BE95D-1539-F73C-CE2B-9CF11052986B}.Debug|Any CPU.Build.0 = Debug|Any CPU
		{A78BE95D-1539-F73C-CE2B-9CF11052986B}.Release|Any CPU.ActiveCfg = Release|Any CPU
		{A78BE95D-1539-F73C-CE2B-9CF11052986B}.Release|Any CPU.Build.0 = Release|Any CPU
		{96C3921C-6C5F-DEAB-56B4-14EDC9E2F86A}.Debug|Any CPU.ActiveCfg = Debug|Any CPU
		{96C3921C-6C5F-DEAB-56B4-14EDC9E2F86A}.Debug|Any CPU.Build.0 = Debug|Any CPU
		{96C3921C-6C5F-DEAB-56B4-14EDC9E2F86A}.Release|Any CPU.ActiveCfg = Release|Any CPU
		{96C3921C-6C5F-DEAB-56B4-14EDC9E2F86A}.Release|Any CPU.Build.0 = Release|Any CPU
		{913B7449-EE8A-8205-3188-3B44AB21CDF0}.Debug|Any CPU.ActiveCfg = Debug|Any CPU
		{913B7449-EE8A-8205-3188-3B44AB21CDF0}.Debug|Any CPU.Build.0 = Debug|Any CPU
		{913B7449-EE8A-8205-3188-3B44AB21CDF0}.Release|Any CPU.ActiveCfg = Release|Any CPU
		{913B7449-EE8A-8205-3188-3B44AB21CDF0}.Release|Any CPU.Build.0 = Release|Any CPU
		{648FA278-93B7-C873-BFFA-A3E410991A73}.Debug|Any CPU.ActiveCfg = Debug|Any CPU
		{648FA278-93B7-C873-BFFA-A3E410991A73}.Debug|Any CPU.Build.0 = Debug|Any CPU
		{648FA278-93B7-C873-BFFA-A3E410991A73}.Release|Any CPU.ActiveCfg = Release|Any CPU
		{648FA278-93B7-C873-BFFA-A3E410991A73}.Release|Any CPU.Build.0 = Release|Any CPU
		{4633BC75-F8AE-416C-B591-24439FDB337A}.Debug|Any CPU.ActiveCfg = Debug|Any CPU
		{4633BC75-F8AE-416C-B591-24439FDB337A}.Debug|Any CPU.Build.0 = Debug|Any CPU
		{4633BC75-F8AE-416C-B591-24439FDB337A}.Release|Any CPU.ActiveCfg = Release|Any CPU
		{4633BC75-F8AE-416C-B591-24439FDB337A}.Release|Any CPU.Build.0 = Release|Any CPU
		{E957D64E-A075-D80D-ACA4-9BABFB2A5D0B}.Debug|Any CPU.ActiveCfg = Debug|Any CPU
		{E957D64E-A075-D80D-ACA4-9BABFB2A5D0B}.Debug|Any CPU.Build.0 = Debug|Any CPU
		{E957D64E-A075-D80D-ACA4-9BABFB2A5D0B}.Release|Any CPU.ActiveCfg = Release|Any CPU
		{E957D64E-A075-D80D-ACA4-9BABFB2A5D0B}.Release|Any CPU.Build.0 = Release|Any CPU
		{B8359E0D-2849-7C3A-36EC-7558AD77A33E}.Debug|Any CPU.ActiveCfg = Debug|Any CPU
		{B8359E0D-2849-7C3A-36EC-7558AD77A33E}.Debug|Any CPU.Build.0 = Debug|Any CPU
		{B8359E0D-2849-7C3A-36EC-7558AD77A33E}.Release|Any CPU.ActiveCfg = Release|Any CPU
		{B8359E0D-2849-7C3A-36EC-7558AD77A33E}.Release|Any CPU.Build.0 = Release|Any CPU
		{1FA0162C-0406-85F1-D40A-C1D2D8CC3FDF}.Debug|Any CPU.ActiveCfg = Debug|Any CPU
		{1FA0162C-0406-85F1-D40A-C1D2D8CC3FDF}.Debug|Any CPU.Build.0 = Debug|Any CPU
		{1FA0162C-0406-85F1-D40A-C1D2D8CC3FDF}.Release|Any CPU.ActiveCfg = Release|Any CPU
		{1FA0162C-0406-85F1-D40A-C1D2D8CC3FDF}.Release|Any CPU.Build.0 = Release|Any CPU
		{D755DD94-03FE-B011-328F-1B532C82EACB}.Debug|Any CPU.ActiveCfg = Debug|Any CPU
		{D755DD94-03FE-B011-328F-1B532C82EACB}.Debug|Any CPU.Build.0 = Debug|Any CPU
		{D755DD94-03FE-B011-328F-1B532C82EACB}.Release|Any CPU.ActiveCfg = Release|Any CPU
		{D755DD94-03FE-B011-328F-1B532C82EACB}.Release|Any CPU.Build.0 = Release|Any CPU
		{937DFFC5-2B9D-2C70-94F6-337D7E845374}.Debug|Any CPU.ActiveCfg = Debug|Any CPU
		{937DFFC5-2B9D-2C70-94F6-337D7E845374}.Debug|Any CPU.Build.0 = Debug|Any CPU
		{937DFFC5-2B9D-2C70-94F6-337D7E845374}.Release|Any CPU.ActiveCfg = Release|Any CPU
		{937DFFC5-2B9D-2C70-94F6-337D7E845374}.Release|Any CPU.Build.0 = Release|Any CPU
		{AA8DFD74-D319-C7A1-CB38-D80735BC99D7}.Debug|Any CPU.ActiveCfg = Debug|Any CPU
		{AA8DFD74-D319-C7A1-CB38-D80735BC99D7}.Debug|Any CPU.Build.0 = Debug|Any CPU
		{AA8DFD74-D319-C7A1-CB38-D80735BC99D7}.Release|Any CPU.ActiveCfg = Release|Any CPU
		{AA8DFD74-D319-C7A1-CB38-D80735BC99D7}.Release|Any CPU.Build.0 = Release|Any CPU
		{F679AF13-B342-FF09-00DB-65D88C9C3E2E}.Debug|Any CPU.ActiveCfg = Debug|Any CPU
		{F679AF13-B342-FF09-00DB-65D88C9C3E2E}.Debug|Any CPU.Build.0 = Debug|Any CPU
		{F679AF13-B342-FF09-00DB-65D88C9C3E2E}.Release|Any CPU.ActiveCfg = Release|Any CPU
		{F679AF13-B342-FF09-00DB-65D88C9C3E2E}.Release|Any CPU.Build.0 = Release|Any CPU
		{B37FE1B8-5BAF-A3CF-A10C-B1846DB1C27E}.Debug|Any CPU.ActiveCfg = Debug|Any CPU
		{B37FE1B8-5BAF-A3CF-A10C-B1846DB1C27E}.Debug|Any CPU.Build.0 = Debug|Any CPU
		{B37FE1B8-5BAF-A3CF-A10C-B1846DB1C27E}.Release|Any CPU.ActiveCfg = Release|Any CPU
		{B37FE1B8-5BAF-A3CF-A10C-B1846DB1C27E}.Release|Any CPU.Build.0 = Release|Any CPU
		{B46E3090-6384-17D9-FC97-D19AA7694F00}.Debug|Any CPU.ActiveCfg = Debug|Any CPU
		{B46E3090-6384-17D9-FC97-D19AA7694F00}.Debug|Any CPU.Build.0 = Debug|Any CPU
		{B46E3090-6384-17D9-FC97-D19AA7694F00}.Release|Any CPU.ActiveCfg = Release|Any CPU
		{B46E3090-6384-17D9-FC97-D19AA7694F00}.Release|Any CPU.Build.0 = Release|Any CPU
		{CF34B11C-B290-46A5-9014-DCCC1DCD01D1}.Debug|Any CPU.ActiveCfg = Debug|Any CPU
		{CF34B11C-B290-46A5-9014-DCCC1DCD01D1}.Debug|Any CPU.Build.0 = Debug|Any CPU
		{CF34B11C-B290-46A5-9014-DCCC1DCD01D1}.Release|Any CPU.ActiveCfg = Release|Any CPU
		{CF34B11C-B290-46A5-9014-DCCC1DCD01D1}.Release|Any CPU.Build.0 = Release|Any CPU
		{605DA268-EC15-E2A4-CA68-7F066CF1D98C}.Debug|Any CPU.ActiveCfg = Debug|Any CPU
		{605DA268-EC15-E2A4-CA68-7F066CF1D98C}.Debug|Any CPU.Build.0 = Debug|Any CPU
		{605DA268-EC15-E2A4-CA68-7F066CF1D98C}.Release|Any CPU.ActiveCfg = Release|Any CPU
		{605DA268-EC15-E2A4-CA68-7F066CF1D98C}.Release|Any CPU.Build.0 = Release|Any CPU
		{1AB41D67-77E4-1E47-5112-9615EAEBA03B}.Debug|Any CPU.ActiveCfg = Debug|Any CPU
		{1AB41D67-77E4-1E47-5112-9615EAEBA03B}.Debug|Any CPU.Build.0 = Debug|Any CPU
		{1AB41D67-77E4-1E47-5112-9615EAEBA03B}.Release|Any CPU.ActiveCfg = Release|Any CPU
		{1AB41D67-77E4-1E47-5112-9615EAEBA03B}.Release|Any CPU.Build.0 = Release|Any CPU
		{2DF418AD-B2A5-C82E-ECA4-010AB2FE1634}.Debug|Any CPU.ActiveCfg = Debug|Any CPU
		{2DF418AD-B2A5-C82E-ECA4-010AB2FE1634}.Debug|Any CPU.Build.0 = Debug|Any CPU
		{2DF418AD-B2A5-C82E-ECA4-010AB2FE1634}.Release|Any CPU.ActiveCfg = Release|Any CPU
		{2DF418AD-B2A5-C82E-ECA4-010AB2FE1634}.Release|Any CPU.Build.0 = Release|Any CPU
		{B8F91591-EAB3-6D33-F468-7CBCFE301C3F}.Debug|Any CPU.ActiveCfg = Debug|Any CPU
		{B8F91591-EAB3-6D33-F468-7CBCFE301C3F}.Debug|Any CPU.Build.0 = Debug|Any CPU
		{B8F91591-EAB3-6D33-F468-7CBCFE301C3F}.Release|Any CPU.ActiveCfg = Release|Any CPU
		{B8F91591-EAB3-6D33-F468-7CBCFE301C3F}.Release|Any CPU.Build.0 = Release|Any CPU
		{6DF72DC1-3E63-BC2E-0BFE-925F25716F71}.Debug|Any CPU.ActiveCfg = Debug|Any CPU
		{6DF72DC1-3E63-BC2E-0BFE-925F25716F71}.Debug|Any CPU.Build.0 = Debug|Any CPU
		{6DF72DC1-3E63-BC2E-0BFE-925F25716F71}.Release|Any CPU.ActiveCfg = Release|Any CPU
		{6DF72DC1-3E63-BC2E-0BFE-925F25716F71}.Release|Any CPU.Build.0 = Release|Any CPU
		{39692958-DB36-1523-2035-4E1BF9D61835}.Debug|Any CPU.ActiveCfg = Debug|Any CPU
		{39692958-DB36-1523-2035-4E1BF9D61835}.Debug|Any CPU.Build.0 = Debug|Any CPU
		{39692958-DB36-1523-2035-4E1BF9D61835}.Release|Any CPU.ActiveCfg = Release|Any CPU
		{39692958-DB36-1523-2035-4E1BF9D61835}.Release|Any CPU.Build.0 = Release|Any CPU
		{B701EEAB-C141-3720-8D59-C5A534B4FDD9}.Debug|Any CPU.ActiveCfg = Debug|Any CPU
		{B701EEAB-C141-3720-8D59-C5A534B4FDD9}.Debug|Any CPU.Build.0 = Debug|Any CPU
		{B701EEAB-C141-3720-8D59-C5A534B4FDD9}.Release|Any CPU.ActiveCfg = Release|Any CPU
		{B701EEAB-C141-3720-8D59-C5A534B4FDD9}.Release|Any CPU.Build.0 = Release|Any CPU
		{9FB153F5-C625-6F46-BBA2-B09B937B1D08}.Debug|Any CPU.ActiveCfg = Debug|Any CPU
		{9FB153F5-C625-6F46-BBA2-B09B937B1D08}.Debug|Any CPU.Build.0 = Debug|Any CPU
		{9FB153F5-C625-6F46-BBA2-B09B937B1D08}.Release|Any CPU.ActiveCfg = Release|Any CPU
		{9FB153F5-C625-6F46-BBA2-B09B937B1D08}.Release|Any CPU.Build.0 = Release|Any CPU
		{08C4F66E-065A-F8B9-5901-E85A98777AF4}.Debug|Any CPU.ActiveCfg = Debug|Any CPU
		{08C4F66E-065A-F8B9-5901-E85A98777AF4}.Debug|Any CPU.Build.0 = Debug|Any CPU
		{08C4F66E-065A-F8B9-5901-E85A98777AF4}.Release|Any CPU.ActiveCfg = Release|Any CPU
		{08C4F66E-065A-F8B9-5901-E85A98777AF4}.Release|Any CPU.Build.0 = Release|Any CPU
		{42D17C4D-4B0D-68C7-FA55-57723367CBBA}.Debug|Any CPU.ActiveCfg = Debug|Any CPU
		{42D17C4D-4B0D-68C7-FA55-57723367CBBA}.Debug|Any CPU.Build.0 = Debug|Any CPU
		{42D17C4D-4B0D-68C7-FA55-57723367CBBA}.Release|Any CPU.ActiveCfg = Release|Any CPU
		{42D17C4D-4B0D-68C7-FA55-57723367CBBA}.Release|Any CPU.Build.0 = Release|Any CPU
		{B45DC250-6F80-DDB7-6B34-0A0B8F382EB2}.Debug|Any CPU.ActiveCfg = Debug|Any CPU
		{B45DC250-6F80-DDB7-6B34-0A0B8F382EB2}.Debug|Any CPU.Build.0 = Debug|Any CPU
		{B45DC250-6F80-DDB7-6B34-0A0B8F382EB2}.Release|Any CPU.ActiveCfg = Release|Any CPU
		{B45DC250-6F80-DDB7-6B34-0A0B8F382EB2}.Release|Any CPU.Build.0 = Release|Any CPU
		{958070D0-BE20-2412-8C63-9F4BAE1CE852}.Debug|Any CPU.ActiveCfg = Debug|Any CPU
		{958070D0-BE20-2412-8C63-9F4BAE1CE852}.Debug|Any CPU.Build.0 = Debug|Any CPU
		{958070D0-BE20-2412-8C63-9F4BAE1CE852}.Release|Any CPU.ActiveCfg = Release|Any CPU
		{958070D0-BE20-2412-8C63-9F4BAE1CE852}.Release|Any CPU.Build.0 = Release|Any CPU
		{D10BF6BF-AE07-303C-38DE-2B826A061DF3}.Debug|Any CPU.ActiveCfg = Debug|Any CPU
		{D10BF6BF-AE07-303C-38DE-2B826A061DF3}.Debug|Any CPU.Build.0 = Debug|Any CPU
		{D10BF6BF-AE07-303C-38DE-2B826A061DF3}.Release|Any CPU.ActiveCfg = Release|Any CPU
		{D10BF6BF-AE07-303C-38DE-2B826A061DF3}.Release|Any CPU.Build.0 = Release|Any CPU
		{80FE7207-883A-80DC-C022-C7A6A70520B3}.Debug|Any CPU.ActiveCfg = Debug|Any CPU
		{80FE7207-883A-80DC-C022-C7A6A70520B3}.Debug|Any CPU.Build.0 = Debug|Any CPU
		{80FE7207-883A-80DC-C022-C7A6A70520B3}.Release|Any CPU.ActiveCfg = Release|Any CPU
		{80FE7207-883A-80DC-C022-C7A6A70520B3}.Release|Any CPU.Build.0 = Release|Any CPU
		{AC25ED61-85B7-710E-644D-EC5503932845}.Debug|Any CPU.ActiveCfg = Debug|Any CPU
		{AC25ED61-85B7-710E-644D-EC5503932845}.Debug|Any CPU.Build.0 = Debug|Any CPU
		{AC25ED61-85B7-710E-644D-EC5503932845}.Release|Any CPU.ActiveCfg = Release|Any CPU
		{AC25ED61-85B7-710E-644D-EC5503932845}.Release|Any CPU.Build.0 = Release|Any CPU
		{1710F820-EAD7-4C51-0545-837551F15899}.Debug|Any CPU.ActiveCfg = Debug|Any CPU
		{1710F820-EAD7-4C51-0545-837551F15899}.Debug|Any CPU.Build.0 = Debug|Any CPU
		{1710F820-EAD7-4C51-0545-837551F15899}.Release|Any CPU.ActiveCfg = Release|Any CPU
		{1710F820-EAD7-4C51-0545-837551F15899}.Release|Any CPU.Build.0 = Release|Any CPU
		{5AE85646-979B-E09F-CFA6-B0172D8CBC5D}.Debug|Any CPU.ActiveCfg = Debug|Any CPU
		{5AE85646-979B-E09F-CFA6-B0172D8CBC5D}.Debug|Any CPU.Build.0 = Debug|Any CPU
		{5AE85646-979B-E09F-CFA6-B0172D8CBC5D}.Release|Any CPU.ActiveCfg = Release|Any CPU
		{5AE85646-979B-E09F-CFA6-B0172D8CBC5D}.Release|Any CPU.Build.0 = Release|Any CPU
		{2DAEA758-D49D-D61F-8FFE-08F0DB032B78}.Debug|Any CPU.ActiveCfg = Debug|Any CPU
		{2DAEA758-D49D-D61F-8FFE-08F0DB032B78}.Debug|Any CPU.Build.0 = Debug|Any CPU
		{2DAEA758-D49D-D61F-8FFE-08F0DB032B78}.Release|Any CPU.ActiveCfg = Release|Any CPU
		{2DAEA758-D49D-D61F-8FFE-08F0DB032B78}.Release|Any CPU.Build.0 = Release|Any CPU
		{C2AA60AA-F7FF-B1BB-CE48-3BD1015D9E10}.Debug|Any CPU.ActiveCfg = Debug|Any CPU
		{C2AA60AA-F7FF-B1BB-CE48-3BD1015D9E10}.Debug|Any CPU.Build.0 = Debug|Any CPU
		{C2AA60AA-F7FF-B1BB-CE48-3BD1015D9E10}.Release|Any CPU.ActiveCfg = Release|Any CPU
		{C2AA60AA-F7FF-B1BB-CE48-3BD1015D9E10}.Release|Any CPU.Build.0 = Release|Any CPU
		{B5FC69EB-A801-C53E-5BF5-A7A4B13FEFEB}.Debug|Any CPU.ActiveCfg = Debug|Any CPU
		{B5FC69EB-A801-C53E-5BF5-A7A4B13FEFEB}.Debug|Any CPU.Build.0 = Debug|Any CPU
		{B5FC69EB-A801-C53E-5BF5-A7A4B13FEFEB}.Release|Any CPU.ActiveCfg = Release|Any CPU
		{B5FC69EB-A801-C53E-5BF5-A7A4B13FEFEB}.Release|Any CPU.Build.0 = Release|Any CPU
		{8F383597-BEB5-19CB-26BC-855257452252}.Debug|Any CPU.ActiveCfg = Debug|Any CPU
		{8F383597-BEB5-19CB-26BC-855257452252}.Debug|Any CPU.Build.0 = Debug|Any CPU
		{8F383597-BEB5-19CB-26BC-855257452252}.Release|Any CPU.ActiveCfg = Release|Any CPU
		{8F383597-BEB5-19CB-26BC-855257452252}.Release|Any CPU.Build.0 = Release|Any CPU
		{A713CFFF-5B7D-6CF1-55F8-8AF155AF77EA}.Debug|Any CPU.ActiveCfg = Debug|Any CPU
		{A713CFFF-5B7D-6CF1-55F8-8AF155AF77EA}.Debug|Any CPU.Build.0 = Debug|Any CPU
		{A713CFFF-5B7D-6CF1-55F8-8AF155AF77EA}.Release|Any CPU.ActiveCfg = Release|Any CPU
		{A713CFFF-5B7D-6CF1-55F8-8AF155AF77EA}.Release|Any CPU.Build.0 = Release|Any CPU
		{4236DC55-C07B-897D-1DD1-F58BC615EBF2}.Debug|Any CPU.ActiveCfg = Debug|Any CPU
		{4236DC55-C07B-897D-1DD1-F58BC615EBF2}.Debug|Any CPU.Build.0 = Debug|Any CPU
		{4236DC55-C07B-897D-1DD1-F58BC615EBF2}.Release|Any CPU.ActiveCfg = Release|Any CPU
		{4236DC55-C07B-897D-1DD1-F58BC615EBF2}.Release|Any CPU.Build.0 = Release|Any CPU
		{C908E7B2-73D6-C686-0FC6-F4469A61AB01}.Debug|Any CPU.ActiveCfg = Debug|Any CPU
		{C908E7B2-73D6-C686-0FC6-F4469A61AB01}.Debug|Any CPU.Build.0 = Debug|Any CPU
		{C908E7B2-73D6-C686-0FC6-F4469A61AB01}.Release|Any CPU.ActiveCfg = Release|Any CPU
		{C908E7B2-73D6-C686-0FC6-F4469A61AB01}.Release|Any CPU.Build.0 = Release|Any CPU
		{0140FD42-C329-5D20-8545-43339B7ECA6B}.Debug|Any CPU.ActiveCfg = Debug|Any CPU
		{0140FD42-C329-5D20-8545-43339B7ECA6B}.Debug|Any CPU.Build.0 = Debug|Any CPU
		{0140FD42-C329-5D20-8545-43339B7ECA6B}.Release|Any CPU.ActiveCfg = Release|Any CPU
		{0140FD42-C329-5D20-8545-43339B7ECA6B}.Release|Any CPU.Build.0 = Release|Any CPU
		{E41D066D-50A0-A830-EC36-3A4AAEE9BBFB}.Debug|Any CPU.ActiveCfg = Debug|Any CPU
		{E41D066D-50A0-A830-EC36-3A4AAEE9BBFB}.Debug|Any CPU.Build.0 = Debug|Any CPU
		{E41D066D-50A0-A830-EC36-3A4AAEE9BBFB}.Release|Any CPU.ActiveCfg = Release|Any CPU
		{E41D066D-50A0-A830-EC36-3A4AAEE9BBFB}.Release|Any CPU.Build.0 = Release|Any CPU
		{A0100A45-CFD5-1867-D676-06C6379F8ADC}.Debug|Any CPU.ActiveCfg = Debug|Any CPU
		{A0100A45-CFD5-1867-D676-06C6379F8ADC}.Debug|Any CPU.Build.0 = Debug|Any CPU
		{A0100A45-CFD5-1867-D676-06C6379F8ADC}.Release|Any CPU.ActiveCfg = Release|Any CPU
		{A0100A45-CFD5-1867-D676-06C6379F8ADC}.Release|Any CPU.Build.0 = Release|Any CPU
		{3742D6A9-042A-CBE9-6EBC-007AEC0AC77D}.Debug|Any CPU.ActiveCfg = Debug|Any CPU
		{3742D6A9-042A-CBE9-6EBC-007AEC0AC77D}.Debug|Any CPU.Build.0 = Debug|Any CPU
		{3742D6A9-042A-CBE9-6EBC-007AEC0AC77D}.Release|Any CPU.ActiveCfg = Release|Any CPU
		{3742D6A9-042A-CBE9-6EBC-007AEC0AC77D}.Release|Any CPU.Build.0 = Release|Any CPU
		{98C2522C-2C9C-F4FD-2FE2-3134224FC04A}.Debug|Any CPU.ActiveCfg = Debug|Any CPU
		{98C2522C-2C9C-F4FD-2FE2-3134224FC04A}.Debug|Any CPU.Build.0 = Debug|Any CPU
		{98C2522C-2C9C-F4FD-2FE2-3134224FC04A}.Release|Any CPU.ActiveCfg = Release|Any CPU
		{98C2522C-2C9C-F4FD-2FE2-3134224FC04A}.Release|Any CPU.Build.0 = Release|Any CPU
		{A570E004-F873-19AC-7A71-39D582B1BCCF}.Debug|Any CPU.ActiveCfg = Debug|Any CPU
		{A570E004-F873-19AC-7A71-39D582B1BCCF}.Debug|Any CPU.Build.0 = Debug|Any CPU
		{A570E004-F873-19AC-7A71-39D582B1BCCF}.Release|Any CPU.ActiveCfg = Release|Any CPU
		{A570E004-F873-19AC-7A71-39D582B1BCCF}.Release|Any CPU.Build.0 = Release|Any CPU
		{92ED85BC-7E57-5FEF-B6EB-D6029D8556C0}.Debug|Any CPU.ActiveCfg = Debug|Any CPU
		{92ED85BC-7E57-5FEF-B6EB-D6029D8556C0}.Debug|Any CPU.Build.0 = Debug|Any CPU
		{92ED85BC-7E57-5FEF-B6EB-D6029D8556C0}.Release|Any CPU.ActiveCfg = Release|Any CPU
		{92ED85BC-7E57-5FEF-B6EB-D6029D8556C0}.Release|Any CPU.Build.0 = Release|Any CPU
		{C0E0F601-6D46-C344-AACC-20FD6AB26A2F}.Debug|Any CPU.ActiveCfg = Debug|Any CPU
		{C0E0F601-6D46-C344-AACC-20FD6AB26A2F}.Debug|Any CPU.Build.0 = Debug|Any CPU
		{C0E0F601-6D46-C344-AACC-20FD6AB26A2F}.Release|Any CPU.ActiveCfg = Release|Any CPU
		{C0E0F601-6D46-C344-AACC-20FD6AB26A2F}.Release|Any CPU.Build.0 = Release|Any CPU
		{99A9E493-26D1-430F-E689-64721635C8F6}.Debug|Any CPU.ActiveCfg = Debug|Any CPU
		{99A9E493-26D1-430F-E689-64721635C8F6}.Debug|Any CPU.Build.0 = Debug|Any CPU
		{99A9E493-26D1-430F-E689-64721635C8F6}.Release|Any CPU.ActiveCfg = Release|Any CPU
		{99A9E493-26D1-430F-E689-64721635C8F6}.Release|Any CPU.Build.0 = Release|Any CPU
		{B4B3A061-B87D-AEFA-32F7-97AA0ADA7C93}.Debug|Any CPU.ActiveCfg = Debug|Any CPU
		{B4B3A061-B87D-AEFA-32F7-97AA0ADA7C93}.Debug|Any CPU.Build.0 = Debug|Any CPU
		{B4B3A061-B87D-AEFA-32F7-97AA0ADA7C93}.Release|Any CPU.ActiveCfg = Release|Any CPU
		{B4B3A061-B87D-AEFA-32F7-97AA0ADA7C93}.Release|Any CPU.Build.0 = Release|Any CPU
		{0CE949B2-B574-13A0-D9E8-7B33091219CD}.Debug|Any CPU.ActiveCfg = Debug|Any CPU
		{0CE949B2-B574-13A0-D9E8-7B33091219CD}.Debug|Any CPU.Build.0 = Debug|Any CPU
		{0CE949B2-B574-13A0-D9E8-7B33091219CD}.Release|Any CPU.ActiveCfg = Release|Any CPU
		{0CE949B2-B574-13A0-D9E8-7B33091219CD}.Release|Any CPU.Build.0 = Release|Any CPU
		{697D9BA6-4BA4-4F96-9045-25A76A88F5E0}.Debug|Any CPU.ActiveCfg = Debug|Any CPU
		{697D9BA6-4BA4-4F96-9045-25A76A88F5E0}.Debug|Any CPU.Build.0 = Debug|Any CPU
		{697D9BA6-4BA4-4F96-9045-25A76A88F5E0}.Release|Any CPU.ActiveCfg = Release|Any CPU
		{697D9BA6-4BA4-4F96-9045-25A76A88F5E0}.Release|Any CPU.Build.0 = Release|Any CPU
		{D09004D5-344F-30D4-04DD-5E71A3B41CEB}.Debug|Any CPU.ActiveCfg = Debug|Any CPU
		{D09004D5-344F-30D4-04DD-5E71A3B41CEB}.Debug|Any CPU.Build.0 = Debug|Any CPU
		{D09004D5-344F-30D4-04DD-5E71A3B41CEB}.Release|Any CPU.ActiveCfg = Release|Any CPU
		{D09004D5-344F-30D4-04DD-5E71A3B41CEB}.Release|Any CPU.Build.0 = Release|Any CPU
		{3B15DC8A-321D-5738-647B-05AA1D4BFEE3}.Debug|Any CPU.ActiveCfg = Debug|Any CPU
		{3B15DC8A-321D-5738-647B-05AA1D4BFEE3}.Debug|Any CPU.Build.0 = Debug|Any CPU
		{3B15DC8A-321D-5738-647B-05AA1D4BFEE3}.Release|Any CPU.ActiveCfg = Release|Any CPU
		{3B15DC8A-321D-5738-647B-05AA1D4BFEE3}.Release|Any CPU.Build.0 = Release|Any CPU
		{6B7FD650-099C-73BE-D0C8-046EFB09EF66}.Debug|Any CPU.ActiveCfg = Debug|Any CPU
		{6B7FD650-099C-73BE-D0C8-046EFB09EF66}.Debug|Any CPU.Build.0 = Debug|Any CPU
		{6B7FD650-099C-73BE-D0C8-046EFB09EF66}.Release|Any CPU.ActiveCfg = Release|Any CPU
		{6B7FD650-099C-73BE-D0C8-046EFB09EF66}.Release|Any CPU.Build.0 = Release|Any CPU
		{ACDEB3E0-E149-CF2D-C063-30A8A36653F6}.Debug|Any CPU.ActiveCfg = Debug|Any CPU
		{ACDEB3E0-E149-CF2D-C063-30A8A36653F6}.Debug|Any CPU.Build.0 = Debug|Any CPU
		{ACDEB3E0-E149-CF2D-C063-30A8A36653F6}.Release|Any CPU.ActiveCfg = Release|Any CPU
		{ACDEB3E0-E149-CF2D-C063-30A8A36653F6}.Release|Any CPU.Build.0 = Release|Any CPU
		{48D4AC06-4B5D-3909-C9A5-81C0D7E05309}.Debug|Any CPU.ActiveCfg = Debug|Any CPU
		{48D4AC06-4B5D-3909-C9A5-81C0D7E05309}.Debug|Any CPU.Build.0 = Debug|Any CPU
		{48D4AC06-4B5D-3909-C9A5-81C0D7E05309}.Release|Any CPU.ActiveCfg = Release|Any CPU
		{48D4AC06-4B5D-3909-C9A5-81C0D7E05309}.Release|Any CPU.Build.0 = Release|Any CPU
		{5ACB1DDD-3592-2251-B5D6-492F1B0D616B}.Debug|Any CPU.ActiveCfg = Debug|Any CPU
		{5ACB1DDD-3592-2251-B5D6-492F1B0D616B}.Debug|Any CPU.Build.0 = Debug|Any CPU
		{5ACB1DDD-3592-2251-B5D6-492F1B0D616B}.Release|Any CPU.ActiveCfg = Release|Any CPU
		{5ACB1DDD-3592-2251-B5D6-492F1B0D616B}.Release|Any CPU.Build.0 = Release|Any CPU
		{4F9FE52C-597C-E071-9D78-A6716BE275C3}.Debug|Any CPU.ActiveCfg = Debug|Any CPU
		{4F9FE52C-597C-E071-9D78-A6716BE275C3}.Debug|Any CPU.Build.0 = Debug|Any CPU
		{4F9FE52C-597C-E071-9D78-A6716BE275C3}.Release|Any CPU.ActiveCfg = Release|Any CPU
		{4F9FE52C-597C-E071-9D78-A6716BE275C3}.Release|Any CPU.Build.0 = Release|Any CPU
		{88806431-8155-D5DD-69A7-145AD71FA0D7}.Debug|Any CPU.ActiveCfg = Debug|Any CPU
		{88806431-8155-D5DD-69A7-145AD71FA0D7}.Debug|Any CPU.Build.0 = Debug|Any CPU
		{88806431-8155-D5DD-69A7-145AD71FA0D7}.Release|Any CPU.ActiveCfg = Release|Any CPU
		{88806431-8155-D5DD-69A7-145AD71FA0D7}.Release|Any CPU.Build.0 = Release|Any CPU
		{C2A2C62F-EEB1-F921-A73E-02983FF3C2F9}.Debug|Any CPU.ActiveCfg = Debug|Any CPU
		{C2A2C62F-EEB1-F921-A73E-02983FF3C2F9}.Debug|Any CPU.Build.0 = Debug|Any CPU
		{C2A2C62F-EEB1-F921-A73E-02983FF3C2F9}.Release|Any CPU.ActiveCfg = Release|Any CPU
		{C2A2C62F-EEB1-F921-A73E-02983FF3C2F9}.Release|Any CPU.Build.0 = Release|Any CPU
		{87CBA50D-7C9B-B93B-1AD1-3B55A635EB81}.Debug|Any CPU.ActiveCfg = Debug|Any CPU
		{87CBA50D-7C9B-B93B-1AD1-3B55A635EB81}.Debug|Any CPU.Build.0 = Debug|Any CPU
		{87CBA50D-7C9B-B93B-1AD1-3B55A635EB81}.Release|Any CPU.ActiveCfg = Release|Any CPU
		{87CBA50D-7C9B-B93B-1AD1-3B55A635EB81}.Release|Any CPU.Build.0 = Release|Any CPU
		{67251F3F-9230-A191-F182-E356FECF2BE2}.Debug|Any CPU.ActiveCfg = Debug|Any CPU
		{67251F3F-9230-A191-F182-E356FECF2BE2}.Debug|Any CPU.Build.0 = Debug|Any CPU
		{67251F3F-9230-A191-F182-E356FECF2BE2}.Release|Any CPU.ActiveCfg = Release|Any CPU
		{67251F3F-9230-A191-F182-E356FECF2BE2}.Release|Any CPU.Build.0 = Release|Any CPU
		{C34FAA6F-D288-1372-8907-61AB99AF03CF}.Debug|Any CPU.ActiveCfg = Debug|Any CPU
		{C34FAA6F-D288-1372-8907-61AB99AF03CF}.Debug|Any CPU.Build.0 = Debug|Any CPU
		{C34FAA6F-D288-1372-8907-61AB99AF03CF}.Release|Any CPU.ActiveCfg = Release|Any CPU
		{C34FAA6F-D288-1372-8907-61AB99AF03CF}.Release|Any CPU.Build.0 = Release|Any CPU
		{B52C03EC-F072-80A3-8812-1D0B0277F42D}.Debug|Any CPU.ActiveCfg = Debug|Any CPU
		{B52C03EC-F072-80A3-8812-1D0B0277F42D}.Debug|Any CPU.Build.0 = Debug|Any CPU
		{B52C03EC-F072-80A3-8812-1D0B0277F42D}.Release|Any CPU.ActiveCfg = Release|Any CPU
		{B52C03EC-F072-80A3-8812-1D0B0277F42D}.Release|Any CPU.Build.0 = Release|Any CPU
		{14A61691-8D75-F0E3-19F8-A8A3540DFF9F}.Debug|Any CPU.ActiveCfg = Debug|Any CPU
		{14A61691-8D75-F0E3-19F8-A8A3540DFF9F}.Debug|Any CPU.Build.0 = Debug|Any CPU
		{14A61691-8D75-F0E3-19F8-A8A3540DFF9F}.Release|Any CPU.ActiveCfg = Release|Any CPU
		{14A61691-8D75-F0E3-19F8-A8A3540DFF9F}.Release|Any CPU.Build.0 = Release|Any CPU
		{DBC583EE-C3C8-F8CC-872E-39C635BFA3AE}.Debug|Any CPU.ActiveCfg = Debug|Any CPU
		{DBC583EE-C3C8-F8CC-872E-39C635BFA3AE}.Debug|Any CPU.Build.0 = Debug|Any CPU
		{DBC583EE-C3C8-F8CC-872E-39C635BFA3AE}.Release|Any CPU.ActiveCfg = Release|Any CPU
		{DBC583EE-C3C8-F8CC-872E-39C635BFA3AE}.Release|Any CPU.Build.0 = Release|Any CPU
		{C10989C1-D926-2397-D3CF-19DA3F112132}.Debug|Any CPU.ActiveCfg = Debug|Any CPU
		{C10989C1-D926-2397-D3CF-19DA3F112132}.Debug|Any CPU.Build.0 = Debug|Any CPU
		{C10989C1-D926-2397-D3CF-19DA3F112132}.Release|Any CPU.ActiveCfg = Release|Any CPU
		{C10989C1-D926-2397-D3CF-19DA3F112132}.Release|Any CPU.Build.0 = Release|Any CPU
		{448794C0-1AFB-91F8-6128-9F5C2BDDF3B6}.Debug|Any CPU.ActiveCfg = Debug|Any CPU
		{448794C0-1AFB-91F8-6128-9F5C2BDDF3B6}.Debug|Any CPU.Build.0 = Debug|Any CPU
		{448794C0-1AFB-91F8-6128-9F5C2BDDF3B6}.Release|Any CPU.ActiveCfg = Release|Any CPU
		{448794C0-1AFB-91F8-6128-9F5C2BDDF3B6}.Release|Any CPU.Build.0 = Release|Any CPU
		{4EBBCEAD-C205-264B-4018-DD89F5881C2E}.Debug|Any CPU.ActiveCfg = Debug|Any CPU
		{4EBBCEAD-C205-264B-4018-DD89F5881C2E}.Debug|Any CPU.Build.0 = Debug|Any CPU
		{4EBBCEAD-C205-264B-4018-DD89F5881C2E}.Release|Any CPU.ActiveCfg = Release|Any CPU
		{4EBBCEAD-C205-264B-4018-DD89F5881C2E}.Release|Any CPU.Build.0 = Release|Any CPU
		{C2844C33-614D-1FCA-04A6-8DB3EA4EB4EE}.Debug|Any CPU.ActiveCfg = Debug|Any CPU
		{C2844C33-614D-1FCA-04A6-8DB3EA4EB4EE}.Debug|Any CPU.Build.0 = Debug|Any CPU
		{C2844C33-614D-1FCA-04A6-8DB3EA4EB4EE}.Release|Any CPU.ActiveCfg = Release|Any CPU
		{C2844C33-614D-1FCA-04A6-8DB3EA4EB4EE}.Release|Any CPU.Build.0 = Release|Any CPU
		{D3C9D43B-3F20-9E98-9064-7C08A29D3AE2}.Debug|Any CPU.ActiveCfg = Debug|Any CPU
		{D3C9D43B-3F20-9E98-9064-7C08A29D3AE2}.Debug|Any CPU.Build.0 = Debug|Any CPU
		{D3C9D43B-3F20-9E98-9064-7C08A29D3AE2}.Release|Any CPU.ActiveCfg = Release|Any CPU
		{D3C9D43B-3F20-9E98-9064-7C08A29D3AE2}.Release|Any CPU.Build.0 = Release|Any CPU
		{AC42955C-8602-4C0F-CD20-B38DFA6123C3}.Debug|Any CPU.ActiveCfg = Debug|Any CPU
		{AC42955C-8602-4C0F-CD20-B38DFA6123C3}.Debug|Any CPU.Build.0 = Debug|Any CPU
		{AC42955C-8602-4C0F-CD20-B38DFA6123C3}.Release|Any CPU.ActiveCfg = Release|Any CPU
		{AC42955C-8602-4C0F-CD20-B38DFA6123C3}.Release|Any CPU.Build.0 = Release|Any CPU
		{08D56216-7D35-0DB9-4104-AC4DD6123659}.Debug|Any CPU.ActiveCfg = Debug|Any CPU
		{08D56216-7D35-0DB9-4104-AC4DD6123659}.Debug|Any CPU.Build.0 = Debug|Any CPU
		{08D56216-7D35-0DB9-4104-AC4DD6123659}.Release|Any CPU.ActiveCfg = Release|Any CPU
		{08D56216-7D35-0DB9-4104-AC4DD6123659}.Release|Any CPU.Build.0 = Release|Any CPU
		{A42B4A89-0A71-59AB-D38B-93197E6DEA6B}.Debug|Any CPU.ActiveCfg = Debug|Any CPU
		{A42B4A89-0A71-59AB-D38B-93197E6DEA6B}.Debug|Any CPU.Build.0 = Debug|Any CPU
		{A42B4A89-0A71-59AB-D38B-93197E6DEA6B}.Release|Any CPU.ActiveCfg = Release|Any CPU
		{A42B4A89-0A71-59AB-D38B-93197E6DEA6B}.Release|Any CPU.Build.0 = Release|Any CPU
		{054374BD-044B-2AC6-C864-E673B10BE62C}.Debug|Any CPU.ActiveCfg = Debug|Any CPU
		{054374BD-044B-2AC6-C864-E673B10BE62C}.Debug|Any CPU.Build.0 = Debug|Any CPU
		{054374BD-044B-2AC6-C864-E673B10BE62C}.Release|Any CPU.ActiveCfg = Release|Any CPU
		{054374BD-044B-2AC6-C864-E673B10BE62C}.Release|Any CPU.Build.0 = Release|Any CPU
		{8FFCC5C2-5973-926B-556C-6CECF36CE460}.Debug|Any CPU.ActiveCfg = Debug|Any CPU
		{8FFCC5C2-5973-926B-556C-6CECF36CE460}.Debug|Any CPU.Build.0 = Debug|Any CPU
		{8FFCC5C2-5973-926B-556C-6CECF36CE460}.Release|Any CPU.ActiveCfg = Release|Any CPU
		{8FFCC5C2-5973-926B-556C-6CECF36CE460}.Release|Any CPU.Build.0 = Release|Any CPU
		{DA390392-8A4A-7077-D334-500FABBD13F4}.Debug|Any CPU.ActiveCfg = Debug|Any CPU
		{DA390392-8A4A-7077-D334-500FABBD13F4}.Debug|Any CPU.Build.0 = Debug|Any CPU
		{DA390392-8A4A-7077-D334-500FABBD13F4}.Release|Any CPU.ActiveCfg = Release|Any CPU
		{DA390392-8A4A-7077-D334-500FABBD13F4}.Release|Any CPU.Build.0 = Release|Any CPU
		{DB421590-F552-4A58-53A5-5341B62BF215}.Debug|Any CPU.ActiveCfg = Debug|Any CPU
		{DB421590-F552-4A58-53A5-5341B62BF215}.Debug|Any CPU.Build.0 = Debug|Any CPU
		{DB421590-F552-4A58-53A5-5341B62BF215}.Release|Any CPU.ActiveCfg = Release|Any CPU
		{DB421590-F552-4A58-53A5-5341B62BF215}.Release|Any CPU.Build.0 = Release|Any CPU
		{C10F8D3E-089B-7178-88C9-2CC4F13F74B8}.Debug|Any CPU.ActiveCfg = Debug|Any CPU
		{C10F8D3E-089B-7178-88C9-2CC4F13F74B8}.Debug|Any CPU.Build.0 = Debug|Any CPU
		{C10F8D3E-089B-7178-88C9-2CC4F13F74B8}.Release|Any CPU.ActiveCfg = Release|Any CPU
		{C10F8D3E-089B-7178-88C9-2CC4F13F74B8}.Release|Any CPU.Build.0 = Release|Any CPU
		{2595CFA5-99DA-C21D-CCB6-DA4AF942D4D0}.Debug|Any CPU.ActiveCfg = Debug|Any CPU
		{2595CFA5-99DA-C21D-CCB6-DA4AF942D4D0}.Debug|Any CPU.Build.0 = Debug|Any CPU
		{2595CFA5-99DA-C21D-CCB6-DA4AF942D4D0}.Release|Any CPU.ActiveCfg = Release|Any CPU
		{2595CFA5-99DA-C21D-CCB6-DA4AF942D4D0}.Release|Any CPU.Build.0 = Release|Any CPU
		{FADB296F-1D5B-13B0-49A5-395816C7E8F6}.Debug|Any CPU.ActiveCfg = Debug|Any CPU
		{FADB296F-1D5B-13B0-49A5-395816C7E8F6}.Debug|Any CPU.Build.0 = Debug|Any CPU
		{FADB296F-1D5B-13B0-49A5-395816C7E8F6}.Release|Any CPU.ActiveCfg = Release|Any CPU
		{FADB296F-1D5B-13B0-49A5-395816C7E8F6}.Release|Any CPU.Build.0 = Release|Any CPU
		{BFD7885F-69DB-DB88-130C-7EBE722E3CC1}.Debug|Any CPU.ActiveCfg = Debug|Any CPU
		{BFD7885F-69DB-DB88-130C-7EBE722E3CC1}.Debug|Any CPU.Build.0 = Debug|Any CPU
		{BFD7885F-69DB-DB88-130C-7EBE722E3CC1}.Release|Any CPU.ActiveCfg = Release|Any CPU
		{BFD7885F-69DB-DB88-130C-7EBE722E3CC1}.Release|Any CPU.Build.0 = Release|Any CPU
		{F4CC55E3-7CA5-58AE-3B57-E1789AFC01B7}.Debug|Any CPU.ActiveCfg = Debug|Any CPU
		{F4CC55E3-7CA5-58AE-3B57-E1789AFC01B7}.Debug|Any CPU.Build.0 = Debug|Any CPU
		{F4CC55E3-7CA5-58AE-3B57-E1789AFC01B7}.Release|Any CPU.ActiveCfg = Release|Any CPU
		{F4CC55E3-7CA5-58AE-3B57-E1789AFC01B7}.Release|Any CPU.Build.0 = Release|Any CPU
		{103106FF-1703-DF7D-912D-EA299567B6C9}.Debug|Any CPU.ActiveCfg = Debug|Any CPU
		{103106FF-1703-DF7D-912D-EA299567B6C9}.Debug|Any CPU.Build.0 = Debug|Any CPU
		{103106FF-1703-DF7D-912D-EA299567B6C9}.Release|Any CPU.ActiveCfg = Release|Any CPU
		{103106FF-1703-DF7D-912D-EA299567B6C9}.Release|Any CPU.Build.0 = Release|Any CPU
		{59FB1006-E6EB-0EAC-FCE8-9DEAF7CD0720}.Debug|Any CPU.ActiveCfg = Debug|Any CPU
		{59FB1006-E6EB-0EAC-FCE8-9DEAF7CD0720}.Debug|Any CPU.Build.0 = Debug|Any CPU
		{59FB1006-E6EB-0EAC-FCE8-9DEAF7CD0720}.Release|Any CPU.ActiveCfg = Release|Any CPU
		{59FB1006-E6EB-0EAC-FCE8-9DEAF7CD0720}.Release|Any CPU.Build.0 = Release|Any CPU
		{19690DED-00F3-36BB-89C0-E867F4A18EAD}.Debug|Any CPU.ActiveCfg = Debug|Any CPU
		{19690DED-00F3-36BB-89C0-E867F4A18EAD}.Debug|Any CPU.Build.0 = Debug|Any CPU
		{19690DED-00F3-36BB-89C0-E867F4A18EAD}.Release|Any CPU.ActiveCfg = Release|Any CPU
		{19690DED-00F3-36BB-89C0-E867F4A18EAD}.Release|Any CPU.Build.0 = Release|Any CPU
	EndGlobalSection
	GlobalSection(SolutionProperties) = preSolution
		HideSolutionNode = FALSE
	EndGlobalSection
	GlobalSection(NestedProjects) = preSolution
		{C3549AB6-3A11-C51C-E5F7-74E379252964} = {643F929F-4586-F989-191D-50EC9486DFB5}
		{AC95C712-AA5D-37D7-BAAA-F38F717F6180} = {643F929F-4586-F989-191D-50EC9486DFB5}
		{DFE515CA-4E74-417A-190B-9D55A817D470} = {173E3EAD-6D93-55F0-D214-A74B76E15AF5}
		{C38B4B85-A05E-0F38-AC3E-977928BD0FBD} = {173E3EAD-6D93-55F0-D214-A74B76E15AF5}
		{5D3D888B-2915-158D-953D-5D0E500C126A} = {C3549AB6-3A11-C51C-E5F7-74E379252964}
		{AC47BB94-A4C1-45D3-4ED2-AD68F4F7CC07} = {C3549AB6-3A11-C51C-E5F7-74E379252964}
		{A78BE95D-1539-F73C-CE2B-9CF11052986B} = {C3549AB6-3A11-C51C-E5F7-74E379252964}
		{96C3921C-6C5F-DEAB-56B4-14EDC9E2F86A} = {C3549AB6-3A11-C51C-E5F7-74E379252964}
		{913B7449-EE8A-8205-3188-3B44AB21CDF0} = {C3549AB6-3A11-C51C-E5F7-74E379252964}
		{648FA278-93B7-C873-BFFA-A3E410991A73} = {C3549AB6-3A11-C51C-E5F7-74E379252964}
		{4633BC75-F8AE-416C-B591-24439FDB337A} = {C3549AB6-3A11-C51C-E5F7-74E379252964}
		{E957D64E-A075-D80D-ACA4-9BABFB2A5D0B} = {C3549AB6-3A11-C51C-E5F7-74E379252964}
		{B8359E0D-2849-7C3A-36EC-7558AD77A33E} = {C3549AB6-3A11-C51C-E5F7-74E379252964}
		{1FA0162C-0406-85F1-D40A-C1D2D8CC3FDF} = {C3549AB6-3A11-C51C-E5F7-74E379252964}
		{D755DD94-03FE-B011-328F-1B532C82EACB} = {C3549AB6-3A11-C51C-E5F7-74E379252964}
		{937DFFC5-2B9D-2C70-94F6-337D7E845374} = {AC95C712-AA5D-37D7-BAAA-F38F717F6180}
		{AA8DFD74-D319-C7A1-CB38-D80735BC99D7} = {AC95C712-AA5D-37D7-BAAA-F38F717F6180}
		{F679AF13-B342-FF09-00DB-65D88C9C3E2E} = {AC95C712-AA5D-37D7-BAAA-F38F717F6180}
		{B37FE1B8-5BAF-A3CF-A10C-B1846DB1C27E} = {AC95C712-AA5D-37D7-BAAA-F38F717F6180}
		{B46E3090-6384-17D9-FC97-D19AA7694F00} = {AC95C712-AA5D-37D7-BAAA-F38F717F6180}
		{0616F728-848E-4D52-7B61-FA73E8698C40} = {57CFE570-A08A-C23A-23E8-09FAFFEE0554}
		{231DCA9A-3677-E20E-7706-4F26B366CE27} = {57CFE570-A08A-C23A-23E8-09FAFFEE0554}
		{CF34B11C-B290-46A5-9014-DCCC1DCD01D1} = {AC95C712-AA5D-37D7-BAAA-F38F717F6180}
		{605DA268-EC15-E2A4-CA68-7F066CF1D98C} = {AC95C712-AA5D-37D7-BAAA-F38F717F6180}
		{1AB41D67-77E4-1E47-5112-9615EAEBA03B} = {AC95C712-AA5D-37D7-BAAA-F38F717F6180}
		{2DF418AD-B2A5-C82E-ECA4-010AB2FE1634} = {AC95C712-AA5D-37D7-BAAA-F38F717F6180}
		{B8F91591-EAB3-6D33-F468-7CBCFE301C3F} = {AC95C712-AA5D-37D7-BAAA-F38F717F6180}
		{6DF72DC1-3E63-BC2E-0BFE-925F25716F71} = {AC95C712-AA5D-37D7-BAAA-F38F717F6180}
		{39692958-DB36-1523-2035-4E1BF9D61835} = {AC95C712-AA5D-37D7-BAAA-F38F717F6180}
		{B701EEAB-C141-3720-8D59-C5A534B4FDD9} = {25DE01E2-1A93-332C-F16A-D7B630191B68}
		{9FB153F5-C625-6F46-BBA2-B09B937B1D08} = {25DE01E2-1A93-332C-F16A-D7B630191B68}
		{C27554C5-EF1B-9968-C40E-16B82DECE291} = {785B65F0-089F-3E01-702D-9F6F506C829C}
		{34182781-BFA3-C61F-0083-709A9EBE234F} = {785B65F0-089F-3E01-702D-9F6F506C829C}
		{08C4F66E-065A-F8B9-5901-E85A98777AF4} = {25DE01E2-1A93-332C-F16A-D7B630191B68}
		{42D17C4D-4B0D-68C7-FA55-57723367CBBA} = {25DE01E2-1A93-332C-F16A-D7B630191B68}
		{25DE01E2-1A93-332C-F16A-D7B630191B68} = {FF5D5AD3-3FCD-C3F4-BC7F-506B8ED4CC43}
		{E4A2F344-A2D6-A532-1680-5FC38962C65C} = {FF5D5AD3-3FCD-C3F4-BC7F-506B8ED4CC43}
		{B45DC250-6F80-DDB7-6B34-0A0B8F382EB2} = {E4A2F344-A2D6-A532-1680-5FC38962C65C}
		{C4458FE1-714C-2F70-2A88-C900BDD8FCAC} = {C90B00D4-734E-5927-234F-582767C2E41C}
		{352540C3-6FDD-3062-1975-E832EB310E27} = {C90B00D4-734E-5927-234F-582767C2E41C}
		{958070D0-BE20-2412-8C63-9F4BAE1CE852} = {C4458FE1-714C-2F70-2A88-C900BDD8FCAC}
		{D10BF6BF-AE07-303C-38DE-2B826A061DF3} = {C4458FE1-714C-2F70-2A88-C900BDD8FCAC}
		{80FE7207-883A-80DC-C022-C7A6A70520B3} = {C4458FE1-714C-2F70-2A88-C900BDD8FCAC}
		{AC25ED61-85B7-710E-644D-EC5503932845} = {C4458FE1-714C-2F70-2A88-C900BDD8FCAC}
		{1710F820-EAD7-4C51-0545-837551F15899} = {352540C3-6FDD-3062-1975-E832EB310E27}
		{BB1A9915-F70C-6051-828F-28F664B63ED2} = {5052BB47-7C59-06AC-EC03-867B59B31F6F}
		{E49994AA-0854-A67D-A0F6-058A4C33AE57} = {5052BB47-7C59-06AC-EC03-867B59B31F6F}
		{C5AF9942-1697-9C57-657C-BBE24C2131FE} = {56FC5A53-C350-67E3-83FF-F083A7D5E87F}
		{93E62DA8-F720-3D3D-0769-9EC16904B05B} = {56FC5A53-C350-67E3-83FF-F083A7D5E87F}
		{42F313A5-7F0B-6B53-7D78-A8EE1E0FF7D9} = {BC51AEF8-30DD-A4B4-8125-A03B504D9B8E}
		{FF13334C-99B5-34AE-80FB-6C1C2942C1E0} = {BC51AEF8-30DD-A4B4-8125-A03B504D9B8E}
		{9C911C38-6A80-7882-815C-A9A9A66E41C8} = {34F12BB8-6D95-3872-7811-274C7BE05DA9}
		{E4A57414-6963-C637-9618-3BDCE8D9D6B1} = {34F12BB8-6D95-3872-7811-274C7BE05DA9}
		{08650216-69EE-DBF9-260E-785B86CF5863} = {D884CDBA-AF85-3B7C-A9FB-C886207B0C25}
		{3649177F-8C01-CD9A-B5EC-47AE36CA5014} = {D884CDBA-AF85-3B7C-A9FB-C886207B0C25}
		{4461977D-8678-DA64-7326-6F017B146E94} = {1A35DE0D-935E-5750-94B3-864CD55BF368}
		{204D01B8-B224-407D-CE2A-5E8405822668} = {1A35DE0D-935E-5750-94B3-864CD55BF368}
		{83C26A11-F188-B8B7-08F2-01870EC66E16} = {5A07744F-7871-F2B3-E1FF-5F00A6160159}
		{D4851048-749A-603A-BC09-81D2D66ACB69} = {5A07744F-7871-F2B3-E1FF-5F00A6160159}
		{5AE85646-979B-E09F-CFA6-B0172D8CBC5D} = {C3549AB6-3A11-C51C-E5F7-74E379252964}
		{2DAEA758-D49D-D61F-8FFE-08F0DB032B78} = {C3549AB6-3A11-C51C-E5F7-74E379252964}
		{C2AA60AA-F7FF-B1BB-CE48-3BD1015D9E10} = {C3549AB6-3A11-C51C-E5F7-74E379252964}
		{B5FC69EB-A801-C53E-5BF5-A7A4B13FEFEB} = {C3549AB6-3A11-C51C-E5F7-74E379252964}
		{8F383597-BEB5-19CB-26BC-855257452252} = {C3549AB6-3A11-C51C-E5F7-74E379252964}
		{A713CFFF-5B7D-6CF1-55F8-8AF155AF77EA} = {C3549AB6-3A11-C51C-E5F7-74E379252964}
		{4236DC55-C07B-897D-1DD1-F58BC615EBF2} = {BB1A9915-F70C-6051-828F-28F664B63ED2}
		{C908E7B2-73D6-C686-0FC6-F4469A61AB01} = {BB1A9915-F70C-6051-828F-28F664B63ED2}
		{0140FD42-C329-5D20-8545-43339B7ECA6B} = {E49994AA-0854-A67D-A0F6-058A4C33AE57}
		{EA88D076-DF0E-4CFE-CEE0-8019F2935EA6} = {BC51AEF8-30DD-A4B4-8125-A03B504D9B8E}
		{6DE27727-E747-85D4-434E-4E723A6C5C4A} = {EA88D076-DF0E-4CFE-CEE0-8019F2935EA6}
		{BE95CBAB-9573-6B5A-AF6F-E8495A634055} = {6DE27727-E747-85D4-434E-4E723A6C5C4A}
		{D9E472F2-6644-4458-14EF-4A800CDCCECD} = {6DE27727-E747-85D4-434E-4E723A6C5C4A}
		{899FB8F2-1A88-FCA7-B836-9A1B00B9C65B} = {6DE27727-E747-85D4-434E-4E723A6C5C4A}
		{52D1CB29-C8B3-7405-C25A-1562DDF40E12} = {899FB8F2-1A88-FCA7-B836-9A1B00B9C65B}
		{2E696AFF-5807-F9B0-A640-936B543B9AF5} = {899FB8F2-1A88-FCA7-B836-9A1B00B9C65B}
		{065D5947-00B5-302D-B59A-DC0773B1F9BB} = {52D1CB29-C8B3-7405-C25A-1562DDF40E12}
		{632A1022-F1FF-2AF6-3697-3A91EEE3590C} = {52D1CB29-C8B3-7405-C25A-1562DDF40E12}
		{9F9F6C50-F1ED-3C50-FEEA-9B013C15F61E} = {2E696AFF-5807-F9B0-A640-936B543B9AF5}
		{6C417896-B8DF-CE5A-EE6D-97C1CDF267C8} = {2E696AFF-5807-F9B0-A640-936B543B9AF5}
		{E41D066D-50A0-A830-EC36-3A4AAEE9BBFB} = {42F313A5-7F0B-6B53-7D78-A8EE1E0FF7D9}
		{A0100A45-CFD5-1867-D676-06C6379F8ADC} = {42F313A5-7F0B-6B53-7D78-A8EE1E0FF7D9}
		{3742D6A9-042A-CBE9-6EBC-007AEC0AC77D} = {42F313A5-7F0B-6B53-7D78-A8EE1E0FF7D9}
		{98C2522C-2C9C-F4FD-2FE2-3134224FC04A} = {42F313A5-7F0B-6B53-7D78-A8EE1E0FF7D9}
		{A570E004-F873-19AC-7A71-39D582B1BCCF} = {FF13334C-99B5-34AE-80FB-6C1C2942C1E0}
		{92ED85BC-7E57-5FEF-B6EB-D6029D8556C0} = {BE95CBAB-9573-6B5A-AF6F-E8495A634055}
		{C0E0F601-6D46-C344-AACC-20FD6AB26A2F} = {BE95CBAB-9573-6B5A-AF6F-E8495A634055}
		{99A9E493-26D1-430F-E689-64721635C8F6} = {BE95CBAB-9573-6B5A-AF6F-E8495A634055}
		{B4B3A061-B87D-AEFA-32F7-97AA0ADA7C93} = {BE95CBAB-9573-6B5A-AF6F-E8495A634055}
		{0CE949B2-B574-13A0-D9E8-7B33091219CD} = {D9E472F2-6644-4458-14EF-4A800CDCCECD}
		{697D9BA6-4BA4-4F96-9045-25A76A88F5E0} = {065D5947-00B5-302D-B59A-DC0773B1F9BB}
		{D09004D5-344F-30D4-04DD-5E71A3B41CEB} = {065D5947-00B5-302D-B59A-DC0773B1F9BB}
		{3B15DC8A-321D-5738-647B-05AA1D4BFEE3} = {065D5947-00B5-302D-B59A-DC0773B1F9BB}
		{6B7FD650-099C-73BE-D0C8-046EFB09EF66} = {065D5947-00B5-302D-B59A-DC0773B1F9BB}
		{ACDEB3E0-E149-CF2D-C063-30A8A36653F6} = {632A1022-F1FF-2AF6-3697-3A91EEE3590C}
		{48D4AC06-4B5D-3909-C9A5-81C0D7E05309} = {9F9F6C50-F1ED-3C50-FEEA-9B013C15F61E}
		{5ACB1DDD-3592-2251-B5D6-492F1B0D616B} = {9F9F6C50-F1ED-3C50-FEEA-9B013C15F61E}
		{4F9FE52C-597C-E071-9D78-A6716BE275C3} = {9F9F6C50-F1ED-3C50-FEEA-9B013C15F61E}
		{88806431-8155-D5DD-69A7-145AD71FA0D7} = {6C417896-B8DF-CE5A-EE6D-97C1CDF267C8}
		{1E954AAE-ED67-387F-DF96-57C1FD049736} = {80B4DB89-85CD-8F81-5D72-16B9F619C778}
		{D3FA2A7E-C934-E331-2A64-5DA5CFD98FA1} = {2B68052A-F753-DE22-98DF-E50F32C40F8D}
		{88F855FD-E8A8-A5C0-0304-9D02BB462763} = {2B68052A-F753-DE22-98DF-E50F32C40F8D}
		{28CFA90C-47E1-4D9A-3066-03E8302A19D3} = {6B7D724D-4A3E-C181-0E91-2E22D1144DCC}
		{B9739B09-8A35-F919-3F02-E59E20F41436} = {6B7D724D-4A3E-C181-0E91-2E22D1144DCC}
		{C567B477-80C1-1E34-889F-4BA1B6A64D34} = {80B4DB89-85CD-8F81-5D72-16B9F619C778}
		{B397AFF6-F2ED-F795-8B6A-CBC0228BBF17} = {80B4DB89-85CD-8F81-5D72-16B9F619C778}
		{C2A2C62F-EEB1-F921-A73E-02983FF3C2F9} = {C567B477-80C1-1E34-889F-4BA1B6A64D34}
		{87CBA50D-7C9B-B93B-1AD1-3B55A635EB81} = {C567B477-80C1-1E34-889F-4BA1B6A64D34}
		{67251F3F-9230-A191-F182-E356FECF2BE2} = {B397AFF6-F2ED-F795-8B6A-CBC0228BBF17}
		{C34FAA6F-D288-1372-8907-61AB99AF03CF} = {D3FA2A7E-C934-E331-2A64-5DA5CFD98FA1}
		{B52C03EC-F072-80A3-8812-1D0B0277F42D} = {D3FA2A7E-C934-E331-2A64-5DA5CFD98FA1}
		{14A61691-8D75-F0E3-19F8-A8A3540DFF9F} = {D3FA2A7E-C934-E331-2A64-5DA5CFD98FA1}
		{DBC583EE-C3C8-F8CC-872E-39C635BFA3AE} = {D3FA2A7E-C934-E331-2A64-5DA5CFD98FA1}
		{C10989C1-D926-2397-D3CF-19DA3F112132} = {88F855FD-E8A8-A5C0-0304-9D02BB462763}
		{448794C0-1AFB-91F8-6128-9F5C2BDDF3B6} = {B9739B09-8A35-F919-3F02-E59E20F41436}
		{4EBBCEAD-C205-264B-4018-DD89F5881C2E} = {B9739B09-8A35-F919-3F02-E59E20F41436}
		{C2844C33-614D-1FCA-04A6-8DB3EA4EB4EE} = {B9739B09-8A35-F919-3F02-E59E20F41436}
		{D3C9D43B-3F20-9E98-9064-7C08A29D3AE2} = {B9739B09-8A35-F919-3F02-E59E20F41436}
		{AC42955C-8602-4C0F-CD20-B38DFA6123C3} = {28CFA90C-47E1-4D9A-3066-03E8302A19D3}
		{08D56216-7D35-0DB9-4104-AC4DD6123659} = {4461977D-8678-DA64-7326-6F017B146E94}
		{A42B4A89-0A71-59AB-D38B-93197E6DEA6B} = {4461977D-8678-DA64-7326-6F017B146E94}
		{054374BD-044B-2AC6-C864-E673B10BE62C} = {4461977D-8678-DA64-7326-6F017B146E94}
		{8FFCC5C2-5973-926B-556C-6CECF36CE460} = {4461977D-8678-DA64-7326-6F017B146E94}
		{DA390392-8A4A-7077-D334-500FABBD13F4} = {204D01B8-B224-407D-CE2A-5E8405822668}
		{612EB345-5F9F-ADA0-E106-C120E4E457C4} = {CE4DAB33-0EEF-E220-65A0-D26B4133C35B}
		{51DEC034-829B-41F8-46BF-E891B1202015} = {CE4DAB33-0EEF-E220-65A0-D26B4133C35B}
		{DB421590-F552-4A58-53A5-5341B62BF215} = {DFE515CA-4E74-417A-190B-9D55A817D470}
		{C10F8D3E-089B-7178-88C9-2CC4F13F74B8} = {DFE515CA-4E74-417A-190B-9D55A817D470}
		{2595CFA5-99DA-C21D-CCB6-DA4AF942D4D0} = {DFE515CA-4E74-417A-190B-9D55A817D470}
		{FADB296F-1D5B-13B0-49A5-395816C7E8F6} = {C38B4B85-A05E-0F38-AC3E-977928BD0FBD}
		{BFD7885F-69DB-DB88-130C-7EBE722E3CC1} = {C27554C5-EF1B-9968-C40E-16B82DECE291}
		{F4CC55E3-7CA5-58AE-3B57-E1789AFC01B7} = {C27554C5-EF1B-9968-C40E-16B82DECE291}
		{103106FF-1703-DF7D-912D-EA299567B6C9} = {C27554C5-EF1B-9968-C40E-16B82DECE291}
		{59FB1006-E6EB-0EAC-FCE8-9DEAF7CD0720} = {C27554C5-EF1B-9968-C40E-16B82DECE291}
		{19690DED-00F3-36BB-89C0-E867F4A18EAD} = {34182781-BFA3-C61F-0083-709A9EBE234F}
	EndGlobalSection
	GlobalSection(ExtensibilityGlobals) = postSolution
		SolutionGuid = {4BCE80FC-0AE1-4B5A-A6DA-D1999B8AA168}
	EndGlobalSection
EndGlobal
