
Microsoft Visual Studio Solution File, Format Version 12.00
# Visual Studio Version 17
VisualStudioVersion = 17.14.36414.22
MinimumVisualStudioVersion = 10.0.40219.1
Project("{2150E333-8FDC-42A3-9474-1A3956D46DE8}") = "_SolutionItems", "_SolutionItems", "{79A1E7AE-CC00-33D7-92ED-603B43B6E6A3}"
	ProjectSection(SolutionItems) = preProject
		.gitattributes = .gitattributes
		.gitignore = .gitignore
		Directory.Builds.props = Directory.Builds.props
		Directory.Packages.props = Directory.Packages.props
		global.json = global.json
		LICENSING = LICENSING
		README.md = README.md
	EndProjectSection
EndProject
Project("{2150E333-8FDC-42A3-9474-1A3956D46DE8}") = "ALpine", "ALpine", "{3B92AC28-41A0-CB50-4330-17F99EB80A13}"
EndProject
Project("{2150E333-8FDC-42A3-9474-1A3956D46DE8}") = "Mm.Net", "Mm.Net", "{643F929F-4586-F989-191D-50EC9486DFB5}"
	ProjectSection(SolutionItems) = preProject
		Mm\.projects.yaml = Mm\.projects.yaml
		Mm\LICENSING = Mm\LICENSING
		Mm\NuGet.config = Mm\NuGet.config
		Mm\README.md = Mm\README.md
	EndProjectSection
EndProject
Project("{2150E333-8FDC-42A3-9474-1A3956D46DE8}") = "src", "src", "{C3549AB6-3A11-C51C-E5F7-74E379252964}"
EndProject
Project("{2150E333-8FDC-42A3-9474-1A3956D46DE8}") = "test", "test", "{AC95C712-AA5D-37D7-BAAA-F38F717F6180}"
EndProject
Project("{2150E333-8FDC-42A3-9474-1A3956D46DE8}") = "src", "src", "{9674D12D-03E4-D0E8-657F-6F6A1264EEFE}"
EndProject
Project("{2150E333-8FDC-42A3-9474-1A3956D46DE8}") = "test", "test", "{397D696E-2E37-19CE-F631-112EE5EDA055}"
EndProject
Project("{2150E333-8FDC-42A3-9474-1A3956D46DE8}") = "CSharp", "CSharp", "{B41BF331-FCCB-2ADF-CDB6-767964B34647}"
EndProject
Project("{2150E333-8FDC-42A3-9474-1A3956D46DE8}") = "Object", "Object", "{B952DC74-A4F0-F2B5-9AAF-AFB490AC608E}"
EndProject
Project("{2150E333-8FDC-42A3-9474-1A3956D46DE8}") = "Builder", "Builder", "{173E3EAD-6D93-55F0-D214-A74B76E15AF5}"
	ProjectSection(SolutionItems) = preProject
		CSharp.Object.Builder\.projects.yaml = CSharp.Object.Builder\.projects.yaml
		CSharp.Object.Builder\LICENSE = CSharp.Object.Builder\LICENSE
		CSharp.Object.Builder\NuGet.config = CSharp.Object.Builder\NuGet.config
		CSharp.Object.Builder\README.md = CSharp.Object.Builder\README.md
	EndProjectSection
EndProject
Project("{2150E333-8FDC-42A3-9474-1A3956D46DE8}") = "Validator", "Validator", "{57CFE570-A08A-C23A-23E8-09FAFFEE0554}"
	ProjectSection(SolutionItems) = preProject
		CSharp.Object.Validator\.projects.yaml = CSharp.Object.Validator\.projects.yaml
		CSharp.Object.Validator\LICENSE = CSharp.Object.Validator\LICENSE
		CSharp.Object.Validator\NuGet.config = CSharp.Object.Validator\NuGet.config
		CSharp.Object.Validator\README.md = CSharp.Object.Validator\README.md
	EndProjectSection
EndProject
Project("{2150E333-8FDC-42A3-9474-1A3956D46DE8}") = "src", "src", "{DFE515CA-4E74-417A-190B-9D55A817D470}"
EndProject
Project("{2150E333-8FDC-42A3-9474-1A3956D46DE8}") = "test", "test", "{C38B4B85-A05E-0F38-AC3E-977928BD0FBD}"
EndProject
Project("{FAE04EC0-301F-11D3-BF4B-00C04F79EFBC}") = "FrenchExDev.Net.CSharp.Object.Builder", "CSharp.Object.Builder\src\FrenchExDev.Net.CSharp.Object.Builder\FrenchExDev.Net.CSharp.Object.Builder.csproj", "{DB421590-F552-4A58-53A5-5341B62BF215}"
EndProject
Project("{FAE04EC0-301F-11D3-BF4B-00C04F79EFBC}") = "FrenchExDev.Net.CSharp.Object.Builder.Abstractions", "CSharp.Object.Builder\src\FrenchExDev.Net.CSharp.Object.Builder.Abstractions\FrenchExDev.Net.CSharp.Object.Builder.Abstractions.csproj", "{C10F8D3E-089B-7178-88C9-2CC4F13F74B8}"
EndProject
Project("{FAE04EC0-301F-11D3-BF4B-00C04F79EFBC}") = "FrenchExDev.Net.Mm", "Mm\src\FrenchExDev.Net.Mm\FrenchExDev.Net.Mm.csproj", "{5D3D888B-2915-158D-953D-5D0E500C126A}"
EndProject
Project("{FAE04EC0-301F-11D3-BF4B-00C04F79EFBC}") = "FrenchExDev.Net.Mm.Abstractions", "Mm\src\FrenchExDev.Net.Mm.Abstractions\FrenchExDev.Net.Mm.Abstractions.csproj", "{AC47BB94-A4C1-45D3-4ED2-AD68F4F7CC07}"
EndProject
Project("{FAE04EC0-301F-11D3-BF4B-00C04F79EFBC}") = "FrenchExDev.Net.Mm.App.Cli", "Mm\src\FrenchExDev.Net.Mm.App.Cli\FrenchExDev.Net.Mm.App.Cli.csproj", "{A78BE95D-1539-F73C-CE2B-9CF11052986B}"
EndProject
Project("{FAE04EC0-301F-11D3-BF4B-00C04F79EFBC}") = "FrenchExDev.Net.Mm.App.Cli.Testing", "Mm\src\FrenchExDev.Net.Mm.App.Cli.Testing\FrenchExDev.Net.Mm.App.Cli.Testing.csproj", "{96C3921C-6C5F-DEAB-56B4-14EDC9E2F86A}"
EndProject
Project("{FAE04EC0-301F-11D3-BF4B-00C04F79EFBC}") = "FrenchExDev.Net.Mm.App.WebApi", "Mm\src\FrenchExDev.Net.Mm.App.WebApi\FrenchExDev.Net.Mm.App.WebApi.csproj", "{913B7449-EE8A-8205-3188-3B44AB21CDF0}"
EndProject
Project("{FAE04EC0-301F-11D3-BF4B-00C04F79EFBC}") = "FrenchExDev.Net.Mm.App.WebApi.Testing", "Mm\src\FrenchExDev.Net.Mm.App.WebApi.Testing\FrenchExDev.Net.Mm.App.WebApi.Testing.csproj", "{648FA278-93B7-C873-BFFA-A3E410991A73}"
EndProject
Project("{FAE04EC0-301F-11D3-BF4B-00C04F79EFBC}") = "FrenchExDev.Net.Mm.App.WebWorker", "Mm\src\FrenchExDev.Net.Mm.App.WebWorker\FrenchExDev.Net.Mm.App.WebWorker.csproj", "{4633BC75-F8AE-416C-B591-24439FDB337A}"
EndProject
Project("{FAE04EC0-301F-11D3-BF4B-00C04F79EFBC}") = "FrenchExDev.Net.Mm.App.WebWorker.Testing", "Mm\src\FrenchExDev.Net.Mm.App.WebWorker.Testing\FrenchExDev.Net.Mm.App.WebWorker.Testing.csproj", "{E957D64E-A075-D80D-ACA4-9BABFB2A5D0B}"
EndProject
Project("{FAE04EC0-301F-11D3-BF4B-00C04F79EFBC}") = "FrenchExDev.Net.Mm.Module.Library", "Mm\src\FrenchExDev.Net.Mm.Module.Library\FrenchExDev.Net.Mm.Module.Library.csproj", "{B8359E0D-2849-7C3A-36EC-7558AD77A33E}"
EndProject
Project("{FAE04EC0-301F-11D3-BF4B-00C04F79EFBC}") = "FrenchExDev.Net.Mm.Module.Library.Abstractions", "Mm\src\FrenchExDev.Net.Mm.Module.Library.Abstractions\FrenchExDev.Net.Mm.Module.Library.Abstractions.csproj", "{1FA0162C-0406-85F1-D40A-C1D2D8CC3FDF}"
EndProject
Project("{FAE04EC0-301F-11D3-BF4B-00C04F79EFBC}") = "FrenchExDev.Net.Mm.Module.Library.Testing", "Mm\src\FrenchExDev.Net.Mm.Module.Library.Testing\FrenchExDev.Net.Mm.Module.Library.Testing.csproj", "{D755DD94-03FE-B011-328F-1B532C82EACB}"
EndProject
Project("{FAE04EC0-301F-11D3-BF4B-00C04F79EFBC}") = "FrenchExDev.Net.Mm.Abstractions.Tests", "Mm\test\FrenchExDev.Net.Mm.Abstractions.Tests\FrenchExDev.Net.Mm.Abstractions.Tests.csproj", "{937DFFC5-2B9D-2C70-94F6-337D7E845374}"
EndProject
Project("{FAE04EC0-301F-11D3-BF4B-00C04F79EFBC}") = "FrenchExDev.Net.Mm.App.Cli.Tests", "Mm\test\FrenchExDev.Net.Mm.App.Cli.Tests\FrenchExDev.Net.Mm.App.Cli.Tests.csproj", "{AA8DFD74-D319-C7A1-CB38-D80735BC99D7}"
EndProject
Project("{FAE04EC0-301F-11D3-BF4B-00C04F79EFBC}") = "FrenchExDev.Net.Mm.App.WebApi.Tests", "Mm\test\FrenchExDev.Net.Mm.App.WebApi.Tests\FrenchExDev.Net.Mm.App.WebApi.Tests.csproj", "{F679AF13-B342-FF09-00DB-65D88C9C3E2E}"
EndProject
Project("{FAE04EC0-301F-11D3-BF4B-00C04F79EFBC}") = "FrenchExDev.Net.Mm.App.WebWorker.Tests", "Mm\test\FrenchExDev.Net.Mm.App.WebWorker.Tests\FrenchExDev.Net.Mm.App.WebWorker.Tests.csproj", "{B37FE1B8-5BAF-A3CF-A10C-B1846DB1C27E}"
EndProject
Project("{FAE04EC0-301F-11D3-BF4B-00C04F79EFBC}") = "FrenchExDev.Net.Mm.Module.Library.Tests", "Mm\test\FrenchExDev.Net.Mm.Module.Library.Tests\FrenchExDev.Net.Mm.Module.Library.Tests.csproj", "{B46E3090-6384-17D9-FC97-D19AA7694F00}"
EndProject
Project("{FAE04EC0-301F-11D3-BF4B-00C04F79EFBC}") = "FrenchExDev.Net.CSharp.Object.Validator", "CSharp.Object.Validator\src\FrenchExDev.Net.CSharp.Object.Validator\FrenchExDev.Net.CSharp.Object.Validator.csproj", "{FA8BADCF-669D-EAE9-2BF3-E31AEC1A6981}"
EndProject
Project("{2150E333-8FDC-42A3-9474-1A3956D46DE8}") = "src", "src", "{0616F728-848E-4D52-7B61-FA73E8698C40}"
EndProject
Project("{FAE04EC0-301F-11D3-BF4B-00C04F79EFBC}") = "FrenchExDev.Net.CSharp.Object.Validator.Abstractions", "CSharp.Object.Validator\src\FrenchExDev.Net.CSharp.Object.Validator.Abstractions\FrenchExDev.Net.CSharp.Object.Validator.Abstractions.csproj", "{A8DD5895-AB84-C470-7587-D9A9B4AB0ED4}"
EndProject
Project("{2150E333-8FDC-42A3-9474-1A3956D46DE8}") = "test", "test", "{231DCA9A-3677-E20E-7706-4F26B366CE27}"
EndProject
Project("{FAE04EC0-301F-11D3-BF4B-00C04F79EFBC}") = "FrenchExDev.Net.CSharp.Object.Builder.Testing", "CSharp.Object.Builder\src\FrenchExDev.Net.CSharp.Object.Builder.Testing\FrenchExDev.Net.CSharp.Object.Builder.Testing.csproj", "{2595CFA5-99DA-C21D-CCB6-DA4AF942D4D0}"
EndProject
Project("{FAE04EC0-301F-11D3-BF4B-00C04F79EFBC}") = "FernchExDev.Net.CSharp.Object.Builder.Tests", "CSharp.Object.Builder\test\FernchExDev.Net.CSharp.Object.Builder.Tests\FernchExDev.Net.CSharp.Object.Builder.Tests.csproj", "{3A7D9518-1911-DD9B-916D-27D271288A9F}"
EndProject
Project("{FAE04EC0-301F-11D3-BF4B-00C04F79EFBC}") = "FrenchExDev.Net.Mm.App.Cli.Builder.Tests", "Mm\test\FrenchExDev.Net.Mm.App.Cli.Builder.Tests\FrenchExDev.Net.Mm.App.Cli.Builder.Tests.csproj", "{CF34B11C-B290-46A5-9014-DCCC1DCD01D1}"
EndProject
Project("{FAE04EC0-301F-11D3-BF4B-00C04F79EFBC}") = "FrenchExDev.Net.Mm.App.Cli.Generator.Tests", "Mm\test\FrenchExDev.Net.Mm.App.Cli.Generator.Tests\FrenchExDev.Net.Mm.App.Cli.Generator.Tests.csproj", "{605DA268-EC15-E2A4-CA68-7F066CF1D98C}"
EndProject
Project("{FAE04EC0-301F-11D3-BF4B-00C04F79EFBC}") = "FrenchExDev.Net.Mm.App.Desktop.Builder.Tests", "Mm\test\FrenchExDev.Net.Mm.App.Desktop.Builder.Tests\FrenchExDev.Net.Mm.App.Desktop.Builder.Tests.csproj", "{1AB41D67-77E4-1E47-5112-9615EAEBA03B}"
EndProject
Project("{FAE04EC0-301F-11D3-BF4B-00C04F79EFBC}") = "FrenchExDev.Net.Mm.App.Desktop.Generator.Tests", "Mm\test\FrenchExDev.Net.Mm.App.Desktop.Generator.Tests\FrenchExDev.Net.Mm.App.Desktop.Generator.Tests.csproj", "{2DF418AD-B2A5-C82E-ECA4-010AB2FE1634}"
EndProject
Project("{FAE04EC0-301F-11D3-BF4B-00C04F79EFBC}") = "FrenchExDev.Net.Mm.App.Desktop.Tests", "Mm\test\FrenchExDev.Net.Mm.App.Desktop.Tests\FrenchExDev.Net.Mm.App.Desktop.Tests.csproj", "{B8F91591-EAB3-6D33-F468-7CBCFE301C3F}"
EndProject
Project("{FAE04EC0-301F-11D3-BF4B-00C04F79EFBC}") = "FrenchExDev.Net.Mm.Module.Library.Builder.Tests", "Mm\test\FrenchExDev.Net.Mm.Module.Library.Builder.Tests\FrenchExDev.Net.Mm.Module.Library.Builder.Tests.csproj", "{6DF72DC1-3E63-BC2E-0BFE-925F25716F71}"
EndProject
Project("{FAE04EC0-301F-11D3-BF4B-00C04F79EFBC}") = "FrenchExDev.Net.Mm.Module.Library.Generator.Tests", "Mm\test\FrenchExDev.Net.Mm.Module.Library.Generator.Tests\FrenchExDev.Net.Mm.Module.Library.Generator.Tests.csproj", "{39692958-DB36-1523-2035-4E1BF9D61835}"
EndProject
Project("{FAE04EC0-301F-11D3-BF4B-00C04F79EFBC}") = "FrenchExDev.Net.CSharp.Object.Validator.Testing", "CSharp.Object.Validator\src\FrenchExDev.Net.CSharp.Object.Validator.Testing\FrenchExDev.Net.CSharp.Object.Validator.Testing.csproj", "{FC7CBA22-E243-3813-91ED-72D1C2E4159E}"
EndProject
Project("{FAE04EC0-301F-11D3-BF4B-00C04F79EFBC}") = "FrenchExDev.Net.CSharp.Object.Validator.Tests", "CSharp.Object.Validator\test\FrenchExDev.Net.CSharp.Object.Validator.Tests\FrenchExDev.Net.CSharp.Object.Validator.Tests.csproj", "{429B9BEF-B835-E3EC-3899-F9300597322B}"
EndProject
Global
	GlobalSection(SolutionConfigurationPlatforms) = preSolution
		Debug|Any CPU = Debug|Any CPU
		Release|Any CPU = Release|Any CPU
	EndGlobalSection
	GlobalSection(ProjectConfigurationPlatforms) = postSolution
		{DB421590-F552-4A58-53A5-5341B62BF215}.Debug|Any CPU.ActiveCfg = Debug|Any CPU
		{DB421590-F552-4A58-53A5-5341B62BF215}.Debug|Any CPU.Build.0 = Debug|Any CPU
		{DB421590-F552-4A58-53A5-5341B62BF215}.Release|Any CPU.ActiveCfg = Release|Any CPU
		{DB421590-F552-4A58-53A5-5341B62BF215}.Release|Any CPU.Build.0 = Release|Any CPU
		{C10F8D3E-089B-7178-88C9-2CC4F13F74B8}.Debug|Any CPU.ActiveCfg = Debug|Any CPU
		{C10F8D3E-089B-7178-88C9-2CC4F13F74B8}.Debug|Any CPU.Build.0 = Debug|Any CPU
		{C10F8D3E-089B-7178-88C9-2CC4F13F74B8}.Release|Any CPU.ActiveCfg = Release|Any CPU
		{C10F8D3E-089B-7178-88C9-2CC4F13F74B8}.Release|Any CPU.Build.0 = Release|Any CPU
		{5D3D888B-2915-158D-953D-5D0E500C126A}.Debug|Any CPU.ActiveCfg = Debug|Any CPU
		{5D3D888B-2915-158D-953D-5D0E500C126A}.Debug|Any CPU.Build.0 = Debug|Any CPU
		{5D3D888B-2915-158D-953D-5D0E500C126A}.Release|Any CPU.ActiveCfg = Release|Any CPU
		{5D3D888B-2915-158D-953D-5D0E500C126A}.Release|Any CPU.Build.0 = Release|Any CPU
		{AC47BB94-A4C1-45D3-4ED2-AD68F4F7CC07}.Debug|Any CPU.ActiveCfg = Debug|Any CPU
		{AC47BB94-A4C1-45D3-4ED2-AD68F4F7CC07}.Debug|Any CPU.Build.0 = Debug|Any CPU
		{AC47BB94-A4C1-45D3-4ED2-AD68F4F7CC07}.Release|Any CPU.ActiveCfg = Release|Any CPU
		{AC47BB94-A4C1-45D3-4ED2-AD68F4F7CC07}.Release|Any CPU.Build.0 = Release|Any CPU
		{A78BE95D-1539-F73C-CE2B-9CF11052986B}.Debug|Any CPU.ActiveCfg = Debug|Any CPU
		{A78BE95D-1539-F73C-CE2B-9CF11052986B}.Debug|Any CPU.Build.0 = Debug|Any CPU
		{A78BE95D-1539-F73C-CE2B-9CF11052986B}.Release|Any CPU.ActiveCfg = Release|Any CPU
		{A78BE95D-1539-F73C-CE2B-9CF11052986B}.Release|Any CPU.Build.0 = Release|Any CPU
		{96C3921C-6C5F-DEAB-56B4-14EDC9E2F86A}.Debug|Any CPU.ActiveCfg = Debug|Any CPU
		{96C3921C-6C5F-DEAB-56B4-14EDC9E2F86A}.Debug|Any CPU.Build.0 = Debug|Any CPU
		{96C3921C-6C5F-DEAB-56B4-14EDC9E2F86A}.Release|Any CPU.ActiveCfg = Release|Any CPU
		{96C3921C-6C5F-DEAB-56B4-14EDC9E2F86A}.Release|Any CPU.Build.0 = Release|Any CPU
		{913B7449-EE8A-8205-3188-3B44AB21CDF0}.Debug|Any CPU.ActiveCfg = Debug|Any CPU
		{913B7449-EE8A-8205-3188-3B44AB21CDF0}.Debug|Any CPU.Build.0 = Debug|Any CPU
		{913B7449-EE8A-8205-3188-3B44AB21CDF0}.Release|Any CPU.ActiveCfg = Release|Any CPU
		{913B7449-EE8A-8205-3188-3B44AB21CDF0}.Release|Any CPU.Build.0 = Release|Any CPU
		{648FA278-93B7-C873-BFFA-A3E410991A73}.Debug|Any CPU.ActiveCfg = Debug|Any CPU
		{648FA278-93B7-C873-BFFA-A3E410991A73}.Debug|Any CPU.Build.0 = Debug|Any CPU
		{648FA278-93B7-C873-BFFA-A3E410991A73}.Release|Any CPU.ActiveCfg = Release|Any CPU
		{648FA278-93B7-C873-BFFA-A3E410991A73}.Release|Any CPU.Build.0 = Release|Any CPU
		{4633BC75-F8AE-416C-B591-24439FDB337A}.Debug|Any CPU.ActiveCfg = Debug|Any CPU
		{4633BC75-F8AE-416C-B591-24439FDB337A}.Debug|Any CPU.Build.0 = Debug|Any CPU
		{4633BC75-F8AE-416C-B591-24439FDB337A}.Release|Any CPU.ActiveCfg = Release|Any CPU
		{4633BC75-F8AE-416C-B591-24439FDB337A}.Release|Any CPU.Build.0 = Release|Any CPU
		{E957D64E-A075-D80D-ACA4-9BABFB2A5D0B}.Debug|Any CPU.ActiveCfg = Debug|Any CPU
		{E957D64E-A075-D80D-ACA4-9BABFB2A5D0B}.Debug|Any CPU.Build.0 = Debug|Any CPU
		{E957D64E-A075-D80D-ACA4-9BABFB2A5D0B}.Release|Any CPU.ActiveCfg = Release|Any CPU
		{E957D64E-A075-D80D-ACA4-9BABFB2A5D0B}.Release|Any CPU.Build.0 = Release|Any CPU
		{B8359E0D-2849-7C3A-36EC-7558AD77A33E}.Debug|Any CPU.ActiveCfg = Debug|Any CPU
		{B8359E0D-2849-7C3A-36EC-7558AD77A33E}.Debug|Any CPU.Build.0 = Debug|Any CPU
		{B8359E0D-2849-7C3A-36EC-7558AD77A33E}.Release|Any CPU.ActiveCfg = Release|Any CPU
		{B8359E0D-2849-7C3A-36EC-7558AD77A33E}.Release|Any CPU.Build.0 = Release|Any CPU
		{1FA0162C-0406-85F1-D40A-C1D2D8CC3FDF}.Debug|Any CPU.ActiveCfg = Debug|Any CPU
		{1FA0162C-0406-85F1-D40A-C1D2D8CC3FDF}.Debug|Any CPU.Build.0 = Debug|Any CPU
		{1FA0162C-0406-85F1-D40A-C1D2D8CC3FDF}.Release|Any CPU.ActiveCfg = Release|Any CPU
		{1FA0162C-0406-85F1-D40A-C1D2D8CC3FDF}.Release|Any CPU.Build.0 = Release|Any CPU
		{D755DD94-03FE-B011-328F-1B532C82EACB}.Debug|Any CPU.ActiveCfg = Debug|Any CPU
		{D755DD94-03FE-B011-328F-1B532C82EACB}.Debug|Any CPU.Build.0 = Debug|Any CPU
		{D755DD94-03FE-B011-328F-1B532C82EACB}.Release|Any CPU.ActiveCfg = Release|Any CPU
		{D755DD94-03FE-B011-328F-1B532C82EACB}.Release|Any CPU.Build.0 = Release|Any CPU
		{937DFFC5-2B9D-2C70-94F6-337D7E845374}.Debug|Any CPU.ActiveCfg = Debug|Any CPU
		{937DFFC5-2B9D-2C70-94F6-337D7E845374}.Debug|Any CPU.Build.0 = Debug|Any CPU
		{937DFFC5-2B9D-2C70-94F6-337D7E845374}.Release|Any CPU.ActiveCfg = Release|Any CPU
		{937DFFC5-2B9D-2C70-94F6-337D7E845374}.Release|Any CPU.Build.0 = Release|Any CPU
		{AA8DFD74-D319-C7A1-CB38-D80735BC99D7}.Debug|Any CPU.ActiveCfg = Debug|Any CPU
		{AA8DFD74-D319-C7A1-CB38-D80735BC99D7}.Debug|Any CPU.Build.0 = Debug|Any CPU
		{AA8DFD74-D319-C7A1-CB38-D80735BC99D7}.Release|Any CPU.ActiveCfg = Release|Any CPU
		{AA8DFD74-D319-C7A1-CB38-D80735BC99D7}.Release|Any CPU.Build.0 = Release|Any CPU
		{F679AF13-B342-FF09-00DB-65D88C9C3E2E}.Debug|Any CPU.ActiveCfg = Debug|Any CPU
		{F679AF13-B342-FF09-00DB-65D88C9C3E2E}.Debug|Any CPU.Build.0 = Debug|Any CPU
		{F679AF13-B342-FF09-00DB-65D88C9C3E2E}.Release|Any CPU.ActiveCfg = Release|Any CPU
		{F679AF13-B342-FF09-00DB-65D88C9C3E2E}.Release|Any CPU.Build.0 = Release|Any CPU
		{B37FE1B8-5BAF-A3CF-A10C-B1846DB1C27E}.Debug|Any CPU.ActiveCfg = Debug|Any CPU
		{B37FE1B8-5BAF-A3CF-A10C-B1846DB1C27E}.Debug|Any CPU.Build.0 = Debug|Any CPU
		{B37FE1B8-5BAF-A3CF-A10C-B1846DB1C27E}.Release|Any CPU.ActiveCfg = Release|Any CPU
		{B37FE1B8-5BAF-A3CF-A10C-B1846DB1C27E}.Release|Any CPU.Build.0 = Release|Any CPU
		{B46E3090-6384-17D9-FC97-D19AA7694F00}.Debug|Any CPU.ActiveCfg = Debug|Any CPU
		{B46E3090-6384-17D9-FC97-D19AA7694F00}.Debug|Any CPU.Build.0 = Debug|Any CPU
		{B46E3090-6384-17D9-FC97-D19AA7694F00}.Release|Any CPU.ActiveCfg = Release|Any CPU
		{B46E3090-6384-17D9-FC97-D19AA7694F00}.Release|Any CPU.Build.0 = Release|Any CPU
		{FA8BADCF-669D-EAE9-2BF3-E31AEC1A6981}.Debug|Any CPU.ActiveCfg = Debug|Any CPU
		{FA8BADCF-669D-EAE9-2BF3-E31AEC1A6981}.Debug|Any CPU.Build.0 = Debug|Any CPU
		{FA8BADCF-669D-EAE9-2BF3-E31AEC1A6981}.Release|Any CPU.ActiveCfg = Release|Any CPU
		{FA8BADCF-669D-EAE9-2BF3-E31AEC1A6981}.Release|Any CPU.Build.0 = Release|Any CPU
		{A8DD5895-AB84-C470-7587-D9A9B4AB0ED4}.Debug|Any CPU.ActiveCfg = Debug|Any CPU
		{A8DD5895-AB84-C470-7587-D9A9B4AB0ED4}.Debug|Any CPU.Build.0 = Debug|Any CPU
		{A8DD5895-AB84-C470-7587-D9A9B4AB0ED4}.Release|Any CPU.ActiveCfg = Release|Any CPU
		{A8DD5895-AB84-C470-7587-D9A9B4AB0ED4}.Release|Any CPU.Build.0 = Release|Any CPU
		{2595CFA5-99DA-C21D-CCB6-DA4AF942D4D0}.Debug|Any CPU.ActiveCfg = Debug|Any CPU
		{2595CFA5-99DA-C21D-CCB6-DA4AF942D4D0}.Debug|Any CPU.Build.0 = Debug|Any CPU
		{2595CFA5-99DA-C21D-CCB6-DA4AF942D4D0}.Release|Any CPU.ActiveCfg = Release|Any CPU
		{2595CFA5-99DA-C21D-CCB6-DA4AF942D4D0}.Release|Any CPU.Build.0 = Release|Any CPU
		{3A7D9518-1911-DD9B-916D-27D271288A9F}.Debug|Any CPU.ActiveCfg = Debug|Any CPU
		{3A7D9518-1911-DD9B-916D-27D271288A9F}.Debug|Any CPU.Build.0 = Debug|Any CPU
		{3A7D9518-1911-DD9B-916D-27D271288A9F}.Release|Any CPU.ActiveCfg = Release|Any CPU
		{3A7D9518-1911-DD9B-916D-27D271288A9F}.Release|Any CPU.Build.0 = Release|Any CPU
		{CF34B11C-B290-46A5-9014-DCCC1DCD01D1}.Debug|Any CPU.ActiveCfg = Debug|Any CPU
		{CF34B11C-B290-46A5-9014-DCCC1DCD01D1}.Debug|Any CPU.Build.0 = Debug|Any CPU
		{CF34B11C-B290-46A5-9014-DCCC1DCD01D1}.Release|Any CPU.ActiveCfg = Release|Any CPU
		{CF34B11C-B290-46A5-9014-DCCC1DCD01D1}.Release|Any CPU.Build.0 = Release|Any CPU
		{605DA268-EC15-E2A4-CA68-7F066CF1D98C}.Debug|Any CPU.ActiveCfg = Debug|Any CPU
		{605DA268-EC15-E2A4-CA68-7F066CF1D98C}.Debug|Any CPU.Build.0 = Debug|Any CPU
		{605DA268-EC15-E2A4-CA68-7F066CF1D98C}.Release|Any CPU.ActiveCfg = Release|Any CPU
		{605DA268-EC15-E2A4-CA68-7F066CF1D98C}.Release|Any CPU.Build.0 = Release|Any CPU
		{1AB41D67-77E4-1E47-5112-9615EAEBA03B}.Debug|Any CPU.ActiveCfg = Debug|Any CPU
		{1AB41D67-77E4-1E47-5112-9615EAEBA03B}.Debug|Any CPU.Build.0 = Debug|Any CPU
		{1AB41D67-77E4-1E47-5112-9615EAEBA03B}.Release|Any CPU.ActiveCfg = Release|Any CPU
		{1AB41D67-77E4-1E47-5112-9615EAEBA03B}.Release|Any CPU.Build.0 = Release|Any CPU
		{2DF418AD-B2A5-C82E-ECA4-010AB2FE1634}.Debug|Any CPU.ActiveCfg = Debug|Any CPU
		{2DF418AD-B2A5-C82E-ECA4-010AB2FE1634}.Debug|Any CPU.Build.0 = Debug|Any CPU
		{2DF418AD-B2A5-C82E-ECA4-010AB2FE1634}.Release|Any CPU.ActiveCfg = Release|Any CPU
		{2DF418AD-B2A5-C82E-ECA4-010AB2FE1634}.Release|Any CPU.Build.0 = Release|Any CPU
		{B8F91591-EAB3-6D33-F468-7CBCFE301C3F}.Debug|Any CPU.ActiveCfg = Debug|Any CPU
		{B8F91591-EAB3-6D33-F468-7CBCFE301C3F}.Debug|Any CPU.Build.0 = Debug|Any CPU
		{B8F91591-EAB3-6D33-F468-7CBCFE301C3F}.Release|Any CPU.ActiveCfg = Release|Any CPU
		{B8F91591-EAB3-6D33-F468-7CBCFE301C3F}.Release|Any CPU.Build.0 = Release|Any CPU
		{6DF72DC1-3E63-BC2E-0BFE-925F25716F71}.Debug|Any CPU.ActiveCfg = Debug|Any CPU
		{6DF72DC1-3E63-BC2E-0BFE-925F25716F71}.Debug|Any CPU.Build.0 = Debug|Any CPU
		{6DF72DC1-3E63-BC2E-0BFE-925F25716F71}.Release|Any CPU.ActiveCfg = Release|Any CPU
		{6DF72DC1-3E63-BC2E-0BFE-925F25716F71}.Release|Any CPU.Build.0 = Release|Any CPU
		{39692958-DB36-1523-2035-4E1BF9D61835}.Debug|Any CPU.ActiveCfg = Debug|Any CPU
		{39692958-DB36-1523-2035-4E1BF9D61835}.Debug|Any CPU.Build.0 = Debug|Any CPU
		{39692958-DB36-1523-2035-4E1BF9D61835}.Release|Any CPU.ActiveCfg = Release|Any CPU
		{39692958-DB36-1523-2035-4E1BF9D61835}.Release|Any CPU.Build.0 = Release|Any CPU
		{FC7CBA22-E243-3813-91ED-72D1C2E4159E}.Debug|Any CPU.ActiveCfg = Debug|Any CPU
		{FC7CBA22-E243-3813-91ED-72D1C2E4159E}.Debug|Any CPU.Build.0 = Debug|Any CPU
		{FC7CBA22-E243-3813-91ED-72D1C2E4159E}.Release|Any CPU.ActiveCfg = Release|Any CPU
		{FC7CBA22-E243-3813-91ED-72D1C2E4159E}.Release|Any CPU.Build.0 = Release|Any CPU
		{429B9BEF-B835-E3EC-3899-F9300597322B}.Debug|Any CPU.ActiveCfg = Debug|Any CPU
		{429B9BEF-B835-E3EC-3899-F9300597322B}.Debug|Any CPU.Build.0 = Debug|Any CPU
		{429B9BEF-B835-E3EC-3899-F9300597322B}.Release|Any CPU.ActiveCfg = Release|Any CPU
		{429B9BEF-B835-E3EC-3899-F9300597322B}.Release|Any CPU.Build.0 = Release|Any CPU
	EndGlobalSection
	GlobalSection(SolutionProperties) = preSolution
		HideSolutionNode = FALSE
	EndGlobalSection
	GlobalSection(NestedProjects) = preSolution
		{C3549AB6-3A11-C51C-E5F7-74E379252964} = {643F929F-4586-F989-191D-50EC9486DFB5}
		{AC95C712-AA5D-37D7-BAAA-F38F717F6180} = {643F929F-4586-F989-191D-50EC9486DFB5}
		{9674D12D-03E4-D0E8-657F-6F6A1264EEFE} = {3B92AC28-41A0-CB50-4330-17F99EB80A13}
		{397D696E-2E37-19CE-F631-112EE5EDA055} = {3B92AC28-41A0-CB50-4330-17F99EB80A13}
		{B952DC74-A4F0-F2B5-9AAF-AFB490AC608E} = {B41BF331-FCCB-2ADF-CDB6-767964B34647}
		{173E3EAD-6D93-55F0-D214-A74B76E15AF5} = {B952DC74-A4F0-F2B5-9AAF-AFB490AC608E}
		{57CFE570-A08A-C23A-23E8-09FAFFEE0554} = {B952DC74-A4F0-F2B5-9AAF-AFB490AC608E}
		{DFE515CA-4E74-417A-190B-9D55A817D470} = {173E3EAD-6D93-55F0-D214-A74B76E15AF5}
		{C38B4B85-A05E-0F38-AC3E-977928BD0FBD} = {173E3EAD-6D93-55F0-D214-A74B76E15AF5}
		{DB421590-F552-4A58-53A5-5341B62BF215} = {DFE515CA-4E74-417A-190B-9D55A817D470}
		{C10F8D3E-089B-7178-88C9-2CC4F13F74B8} = {DFE515CA-4E74-417A-190B-9D55A817D470}
		{5D3D888B-2915-158D-953D-5D0E500C126A} = {C3549AB6-3A11-C51C-E5F7-74E379252964}
		{AC47BB94-A4C1-45D3-4ED2-AD68F4F7CC07} = {C3549AB6-3A11-C51C-E5F7-74E379252964}
		{A78BE95D-1539-F73C-CE2B-9CF11052986B} = {C3549AB6-3A11-C51C-E5F7-74E379252964}
		{96C3921C-6C5F-DEAB-56B4-14EDC9E2F86A} = {C3549AB6-3A11-C51C-E5F7-74E379252964}
		{913B7449-EE8A-8205-3188-3B44AB21CDF0} = {C3549AB6-3A11-C51C-E5F7-74E379252964}
		{648FA278-93B7-C873-BFFA-A3E410991A73} = {C3549AB6-3A11-C51C-E5F7-74E379252964}
		{4633BC75-F8AE-416C-B591-24439FDB337A} = {C3549AB6-3A11-C51C-E5F7-74E379252964}
		{E957D64E-A075-D80D-ACA4-9BABFB2A5D0B} = {C3549AB6-3A11-C51C-E5F7-74E379252964}
		{B8359E0D-2849-7C3A-36EC-7558AD77A33E} = {C3549AB6-3A11-C51C-E5F7-74E379252964}
		{1FA0162C-0406-85F1-D40A-C1D2D8CC3FDF} = {C3549AB6-3A11-C51C-E5F7-74E379252964}
		{D755DD94-03FE-B011-328F-1B532C82EACB} = {C3549AB6-3A11-C51C-E5F7-74E379252964}
		{937DFFC5-2B9D-2C70-94F6-337D7E845374} = {AC95C712-AA5D-37D7-BAAA-F38F717F6180}
		{AA8DFD74-D319-C7A1-CB38-D80735BC99D7} = {AC95C712-AA5D-37D7-BAAA-F38F717F6180}
		{F679AF13-B342-FF09-00DB-65D88C9C3E2E} = {AC95C712-AA5D-37D7-BAAA-F38F717F6180}
		{B37FE1B8-5BAF-A3CF-A10C-B1846DB1C27E} = {AC95C712-AA5D-37D7-BAAA-F38F717F6180}
		{B46E3090-6384-17D9-FC97-D19AA7694F00} = {AC95C712-AA5D-37D7-BAAA-F38F717F6180}
		{FA8BADCF-669D-EAE9-2BF3-E31AEC1A6981} = {0616F728-848E-4D52-7B61-FA73E8698C40}
		{0616F728-848E-4D52-7B61-FA73E8698C40} = {57CFE570-A08A-C23A-23E8-09FAFFEE0554}
		{A8DD5895-AB84-C470-7587-D9A9B4AB0ED4} = {0616F728-848E-4D52-7B61-FA73E8698C40}
		{231DCA9A-3677-E20E-7706-4F26B366CE27} = {57CFE570-A08A-C23A-23E8-09FAFFEE0554}
		{2595CFA5-99DA-C21D-CCB6-DA4AF942D4D0} = {DFE515CA-4E74-417A-190B-9D55A817D470}
		{3A7D9518-1911-DD9B-916D-27D271288A9F} = {C38B4B85-A05E-0F38-AC3E-977928BD0FBD}
		{CF34B11C-B290-46A5-9014-DCCC1DCD01D1} = {AC95C712-AA5D-37D7-BAAA-F38F717F6180}
		{605DA268-EC15-E2A4-CA68-7F066CF1D98C} = {AC95C712-AA5D-37D7-BAAA-F38F717F6180}
		{1AB41D67-77E4-1E47-5112-9615EAEBA03B} = {AC95C712-AA5D-37D7-BAAA-F38F717F6180}
		{2DF418AD-B2A5-C82E-ECA4-010AB2FE1634} = {AC95C712-AA5D-37D7-BAAA-F38F717F6180}
		{B8F91591-EAB3-6D33-F468-7CBCFE301C3F} = {AC95C712-AA5D-37D7-BAAA-F38F717F6180}
		{6DF72DC1-3E63-BC2E-0BFE-925F25716F71} = {AC95C712-AA5D-37D7-BAAA-F38F717F6180}
		{39692958-DB36-1523-2035-4E1BF9D61835} = {AC95C712-AA5D-37D7-BAAA-F38F717F6180}
		{FC7CBA22-E243-3813-91ED-72D1C2E4159E} = {0616F728-848E-4D52-7B61-FA73E8698C40}
		{429B9BEF-B835-E3EC-3899-F9300597322B} = {231DCA9A-3677-E20E-7706-4F26B366CE27}
	EndGlobalSection
	GlobalSection(ExtensibilityGlobals) = postSolution
		SolutionGuid = {4BCE80FC-0AE1-4B5A-A6DA-D1999B8AA168}
	EndGlobalSection
EndGlobal
