
Microsoft Visual Studio Solution File, Format Version 12.00
# Visual Studio Version 17
VisualStudioVersion = 17.14.36414.22
MinimumVisualStudioVersion = 10.0.40219.1
Project("{2150E333-8FDC-42A3-9474-1A3956D46DE8}") = "_SolutionItems", "_SolutionItems", "{79A1E7AE-CC00-33D7-92ED-603B43B6E6A3}"
	ProjectSection(SolutionItems) = preProject
		.gitattributes = .gitattributes
		.gitignore = .gitignore
		Directory.Builds.props = Directory.Builds.props
		Directory.Packages.props = Directory.Packages.props
		global.json = global.json
		LICENSING = LICENSING
		README.md = README.md
	EndProjectSection
EndProject
Project("{2150E333-8FDC-42A3-9474-1A3956D46DE8}") = "Alpine.Net", "Alpine.Net", "{31C84FC1-4B40-DB38-5DEF-7A82AB31E034}"
EndProject
Project("{2150E333-8FDC-42A3-9474-1A3956D46DE8}") = "Mm.Net", "Mm.Net", "{643F929F-4586-F989-191D-50EC9486DFB5}"
EndProject
Project("{2150E333-8FDC-42A3-9474-1A3956D46DE8}") = "src", "src", "{C3549AB6-3A11-C51C-E5F7-74E379252964}"
EndProject
Project("{2150E333-8FDC-42A3-9474-1A3956D46DE8}") = "test", "test", "{AC95C712-AA5D-37D7-BAAA-F38F717F6180}"
EndProject
Project("{FAE04EC0-301F-11D3-BF4B-00C04F79EFBC}") = "FrenchExDev.Mm.Net", "Mm\src\FrenchExDev.Mm.Net\FrenchExDev.Mm.Net.csproj", "{E2E8FE69-344B-B526-C686-5A282CD63ECB}"
EndProject
Project("{FAE04EC0-301F-11D3-BF4B-00C04F79EFBC}") = "FrenchExDev.Mm.Net.Abstractions", "Mm\src\FrenchExDev.Mm.Net.Abstractions\FrenchExDev.Mm.Net.Abstractions.csproj", "{6B0D1064-8492-CD7F-3972-1DC379F46CAD}"
EndProject
Project("{FAE04EC0-301F-11D3-BF4B-00C04F79EFBC}") = "FrenchExDev.Mm.Net.App.WebApi", "Mm\src\FrenchExDev.Mm.Net.App.WebApi\FrenchExDev.Mm.Net.App.WebApi.csproj", "{873C07C0-0179-4DCE-9ABF-ACF131DAE2A7}"
EndProject
Project("{FAE04EC0-301F-11D3-BF4B-00C04F79EFBC}") = "FrenchExDev.Mm.Net.App.WebWorker", "Mm\src\FrenchExDev.Mm.Net.App.WebWorker\FrenchExDev.Mm.Net.App.WebWorker.csproj", "{48D63EB9-33B1-39B7-3D2A-305E8DDAD62C}"
EndProject
Project("{FAE04EC0-301F-11D3-BF4B-00C04F79EFBC}") = "FrenchExDev.Mm.Net.Module.Library", "Mm\src\FrenchExDev.Mm.Net.Module.Library\FrenchExDev.Mm.Net.Module.Library.csproj", "{105EEEF2-7C0B-2508-DA5F-9ABEEA3C1E8E}"
EndProject
Project("{FAE04EC0-301F-11D3-BF4B-00C04F79EFBC}") = "FrenchExDev.Mm.Net.Module.Library.Abstractions", "Mm\src\FrenchExDev.Mm.Net.Module.Library.Abstractions\FrenchExDev.Mm.Net.Module.Library.Abstractions.csproj", "{49890067-1A9F-67FE-F5F0-EC0B3E3A757F}"
EndProject
Project("{FAE04EC0-301F-11D3-BF4B-00C04F79EFBC}") = "FrenchExDev.Mm.Net.Abstractions.Tests", "Mm\test\FrenchExDev.Mm.Net.Abstractions.Tests\FrenchExDev.Mm.Net.Abstractions.Tests.csproj", "{9B2849C7-72D8-98EA-AA54-1F9346BA66F7}"
EndProject
Project("{FAE04EC0-301F-11D3-BF4B-00C04F79EFBC}") = "FrenchExDev.Mm.Net.App.Cli.Tests", "Mm\test\FrenchExDev.Mm.Net.App.Cli.Tests\FrenchExDev.Mm.Net.App.Cli.Tests.csproj", "{CDF85FB4-8530-8EB5-716C-0FA7B0E774A2}"
EndProject
Project("{FAE04EC0-301F-11D3-BF4B-00C04F79EFBC}") = "FrenchExDev.Mm.Net.App.WebApi.Tests", "Mm\test\FrenchExDev.Mm.Net.App.WebApi.Tests\FrenchExDev.Mm.Net.App.WebApi.Tests.csproj", "{84B14339-0234-8BBC-44E1-0E1EE9CB49CC}"
EndProject
Project("{FAE04EC0-301F-11D3-BF4B-00C04F79EFBC}") = "FrenchExDev.Mm.Net.App.WebWorker.Tests", "Mm\test\FrenchExDev.Mm.Net.App.WebWorker.Tests\FrenchExDev.Mm.Net.App.WebWorker.Tests.csproj", "{918CA69C-5E76-4631-8107-56DC0A0D048E}"
EndProject
Project("{FAE04EC0-301F-11D3-BF4B-00C04F79EFBC}") = "FrenchExDev.Mm.Net.Module.Library.Tests", "Mm\test\FrenchExDev.Mm.Net.Module.Library.Tests\FrenchExDev.Mm.Net.Module.Library.Tests.csproj", "{3CDD4AA7-30A6-A430-8595-CC4606B0E8AC}"
EndProject
Global
	GlobalSection(SolutionConfigurationPlatforms) = preSolution
		Debug|Any CPU = Debug|Any CPU
		Release|Any CPU = Release|Any CPU
	EndGlobalSection
	GlobalSection(ProjectConfigurationPlatforms) = postSolution
		{E2E8FE69-344B-B526-C686-5A282CD63ECB}.Debug|Any CPU.ActiveCfg = Debug|Any CPU
		{E2E8FE69-344B-B526-C686-5A282CD63ECB}.Debug|Any CPU.Build.0 = Debug|Any CPU
		{E2E8FE69-344B-B526-C686-5A282CD63ECB}.Release|Any CPU.ActiveCfg = Release|Any CPU
		{E2E8FE69-344B-B526-C686-5A282CD63ECB}.Release|Any CPU.Build.0 = Release|Any CPU
		{6B0D1064-8492-CD7F-3972-1DC379F46CAD}.Debug|Any CPU.ActiveCfg = Debug|Any CPU
		{6B0D1064-8492-CD7F-3972-1DC379F46CAD}.Debug|Any CPU.Build.0 = Debug|Any CPU
		{6B0D1064-8492-CD7F-3972-1DC379F46CAD}.Release|Any CPU.ActiveCfg = Release|Any CPU
		{6B0D1064-8492-CD7F-3972-1DC379F46CAD}.Release|Any CPU.Build.0 = Release|Any CPU
		{873C07C0-0179-4DCE-9ABF-ACF131DAE2A7}.Debug|Any CPU.ActiveCfg = Debug|Any CPU
		{873C07C0-0179-4DCE-9ABF-ACF131DAE2A7}.Debug|Any CPU.Build.0 = Debug|Any CPU
		{873C07C0-0179-4DCE-9ABF-ACF131DAE2A7}.Release|Any CPU.ActiveCfg = Release|Any CPU
		{873C07C0-0179-4DCE-9ABF-ACF131DAE2A7}.Release|Any CPU.Build.0 = Release|Any CPU
		{48D63EB9-33B1-39B7-3D2A-305E8DDAD62C}.Debug|Any CPU.ActiveCfg = Debug|Any CPU
		{48D63EB9-33B1-39B7-3D2A-305E8DDAD62C}.Debug|Any CPU.Build.0 = Debug|Any CPU
		{48D63EB9-33B1-39B7-3D2A-305E8DDAD62C}.Release|Any CPU.ActiveCfg = Release|Any CPU
		{48D63EB9-33B1-39B7-3D2A-305E8DDAD62C}.Release|Any CPU.Build.0 = Release|Any CPU
		{105EEEF2-7C0B-2508-DA5F-9ABEEA3C1E8E}.Debug|Any CPU.ActiveCfg = Debug|Any CPU
		{105EEEF2-7C0B-2508-DA5F-9ABEEA3C1E8E}.Debug|Any CPU.Build.0 = Debug|Any CPU
		{105EEEF2-7C0B-2508-DA5F-9ABEEA3C1E8E}.Release|Any CPU.ActiveCfg = Release|Any CPU
		{105EEEF2-7C0B-2508-DA5F-9ABEEA3C1E8E}.Release|Any CPU.Build.0 = Release|Any CPU
		{49890067-1A9F-67FE-F5F0-EC0B3E3A757F}.Debug|Any CPU.ActiveCfg = Debug|Any CPU
		{49890067-1A9F-67FE-F5F0-EC0B3E3A757F}.Debug|Any CPU.Build.0 = Debug|Any CPU
		{49890067-1A9F-67FE-F5F0-EC0B3E3A757F}.Release|Any CPU.ActiveCfg = Release|Any CPU
		{49890067-1A9F-67FE-F5F0-EC0B3E3A757F}.Release|Any CPU.Build.0 = Release|Any CPU
		{9B2849C7-72D8-98EA-AA54-1F9346BA66F7}.Debug|Any CPU.ActiveCfg = Debug|Any CPU
		{9B2849C7-72D8-98EA-AA54-1F9346BA66F7}.Debug|Any CPU.Build.0 = Debug|Any CPU
		{9B2849C7-72D8-98EA-AA54-1F9346BA66F7}.Release|Any CPU.ActiveCfg = Release|Any CPU
		{9B2849C7-72D8-98EA-AA54-1F9346BA66F7}.Release|Any CPU.Build.0 = Release|Any CPU
		{CDF85FB4-8530-8EB5-716C-0FA7B0E774A2}.Debug|Any CPU.ActiveCfg = Debug|Any CPU
		{CDF85FB4-8530-8EB5-716C-0FA7B0E774A2}.Debug|Any CPU.Build.0 = Debug|Any CPU
		{CDF85FB4-8530-8EB5-716C-0FA7B0E774A2}.Release|Any CPU.ActiveCfg = Release|Any CPU
		{CDF85FB4-8530-8EB5-716C-0FA7B0E774A2}.Release|Any CPU.Build.0 = Release|Any CPU
		{84B14339-0234-8BBC-44E1-0E1EE9CB49CC}.Debug|Any CPU.ActiveCfg = Debug|Any CPU
		{84B14339-0234-8BBC-44E1-0E1EE9CB49CC}.Debug|Any CPU.Build.0 = Debug|Any CPU
		{84B14339-0234-8BBC-44E1-0E1EE9CB49CC}.Release|Any CPU.ActiveCfg = Release|Any CPU
		{84B14339-0234-8BBC-44E1-0E1EE9CB49CC}.Release|Any CPU.Build.0 = Release|Any CPU
		{918CA69C-5E76-4631-8107-56DC0A0D048E}.Debug|Any CPU.ActiveCfg = Debug|Any CPU
		{918CA69C-5E76-4631-8107-56DC0A0D048E}.Debug|Any CPU.Build.0 = Debug|Any CPU
		{918CA69C-5E76-4631-8107-56DC0A0D048E}.Release|Any CPU.ActiveCfg = Release|Any CPU
		{918CA69C-5E76-4631-8107-56DC0A0D048E}.Release|Any CPU.Build.0 = Release|Any CPU
		{3CDD4AA7-30A6-A430-8595-CC4606B0E8AC}.Debug|Any CPU.ActiveCfg = Debug|Any CPU
		{3CDD4AA7-30A6-A430-8595-CC4606B0E8AC}.Debug|Any CPU.Build.0 = Debug|Any CPU
		{3CDD4AA7-30A6-A430-8595-CC4606B0E8AC}.Release|Any CPU.ActiveCfg = Release|Any CPU
		{3CDD4AA7-30A6-A430-8595-CC4606B0E8AC}.Release|Any CPU.Build.0 = Release|Any CPU
	EndGlobalSection
	GlobalSection(SolutionProperties) = preSolution
		HideSolutionNode = FALSE
	EndGlobalSection
	GlobalSection(NestedProjects) = preSolution
		{C3549AB6-3A11-C51C-E5F7-74E379252964} = {643F929F-4586-F989-191D-50EC9486DFB5}
		{AC95C712-AA5D-37D7-BAAA-F38F717F6180} = {643F929F-4586-F989-191D-50EC9486DFB5}
		{E2E8FE69-344B-B526-C686-5A282CD63ECB} = {C3549AB6-3A11-C51C-E5F7-74E379252964}
		{6B0D1064-8492-CD7F-3972-1DC379F46CAD} = {C3549AB6-3A11-C51C-E5F7-74E379252964}
		{873C07C0-0179-4DCE-9ABF-ACF131DAE2A7} = {C3549AB6-3A11-C51C-E5F7-74E379252964}
		{48D63EB9-33B1-39B7-3D2A-305E8DDAD62C} = {C3549AB6-3A11-C51C-E5F7-74E379252964}
		{105EEEF2-7C0B-2508-DA5F-9ABEEA3C1E8E} = {C3549AB6-3A11-C51C-E5F7-74E379252964}
		{49890067-1A9F-67FE-F5F0-EC0B3E3A757F} = {C3549AB6-3A11-C51C-E5F7-74E379252964}
		{9B2849C7-72D8-98EA-AA54-1F9346BA66F7} = {AC95C712-AA5D-37D7-BAAA-F38F717F6180}
		{CDF85FB4-8530-8EB5-716C-0FA7B0E774A2} = {AC95C712-AA5D-37D7-BAAA-F38F717F6180}
		{84B14339-0234-8BBC-44E1-0E1EE9CB49CC} = {AC95C712-AA5D-37D7-BAAA-F38F717F6180}
		{918CA69C-5E76-4631-8107-56DC0A0D048E} = {AC95C712-AA5D-37D7-BAAA-F38F717F6180}
		{3CDD4AA7-30A6-A430-8595-CC4606B0E8AC} = {AC95C712-AA5D-37D7-BAAA-F38F717F6180}
	EndGlobalSection
	GlobalSection(ExtensibilityGlobals) = postSolution
		SolutionGuid = {4BCE80FC-0AE1-4B5A-A6DA-D1999B8AA168}
	EndGlobalSection
EndGlobal
