
Microsoft Visual Studio Solution File, Format Version 12.00
# Visual Studio Version 17
VisualStudioVersion = 17.0.31903.59
MinimumVisualStudioVersion = 10.0.40219.1
Project("{2150E333-8FDC-42A3-9474-1A3956D46DE8}") = "src", "src", "{827E0CD3-B72D-47B6-A68D-7590B98EB39B}"
EndProject
Project("{2150E333-8FDC-42A3-9474-1A3956D46DE8}") = "test", "test", "{0C88DD14-F956-CE84-757C-A364CCF449FC}"
EndProject
Project("{FAE04EC0-301F-11D3-BF4B-00C04F79EFBC}") = "FrenchExDev.Net.CSharp.Object.Builder", "src\FrenchExDev.Net.CSharp.Object.Builder\FrenchExDev.Net.CSharp.Object.Builder.csproj", "{4C8CBED0-2EE8-493E-8E69-1B6AD470D7AE}"
EndProject
Project("{FAE04EC0-301F-11D3-BF4B-00C04F79EFBC}") = "FrenchExDev.Net.CSharp.Object.Builder.Abstractions", "src\FrenchExDev.Net.CSharp.Object.Builder.Abstractions\FrenchExDev.Net.CSharp.Object.Builder.Abstractions.csproj", "{BF4AAEFD-BD7D-4276-9628-B3A653C39A85}"
EndProject
Global
	GlobalSection(SolutionConfigurationPlatforms) = preSolution
		Debug|Any CPU = Debug|Any CPU
		Release|Any CPU = Release|Any CPU
	EndGlobalSection
	GlobalSection(ProjectConfigurationPlatforms) = postSolution
		{4C8CBED0-2EE8-493E-8E69-1B6AD470D7AE}.Debug|Any CPU.ActiveCfg = Debug|Any CPU
		{4C8CBED0-2EE8-493E-8E69-1B6AD470D7AE}.Debug|Any CPU.Build.0 = Debug|Any CPU
		{4C8CBED0-2EE8-493E-8E69-1B6AD470D7AE}.Release|Any CPU.ActiveCfg = Release|Any CPU
		{4C8CBED0-2EE8-493E-8E69-1B6AD470D7AE}.Release|Any CPU.Build.0 = Release|Any CPU
		{BF4AAEFD-BD7D-4276-9628-B3A653C39A85}.Debug|Any CPU.ActiveCfg = Debug|Any CPU
		{BF4AAEFD-BD7D-4276-9628-B3A653C39A85}.Debug|Any CPU.Build.0 = Debug|Any CPU
		{BF4AAEFD-BD7D-4276-9628-B3A653C39A85}.Release|Any CPU.ActiveCfg = Release|Any CPU
		{BF4AAEFD-BD7D-4276-9628-B3A653C39A85}.Release|Any CPU.Build.0 = Release|Any CPU
	EndGlobalSection
	GlobalSection(SolutionProperties) = preSolution
		HideSolutionNode = FALSE
	EndGlobalSection
	GlobalSection(NestedProjects) = preSolution
		{4C8CBED0-2EE8-493E-8E69-1B6AD470D7AE} = {827E0CD3-B72D-47B6-A68D-7590B98EB39B}
		{BF4AAEFD-BD7D-4276-9628-B3A653C39A85} = {827E0CD3-B72D-47B6-A68D-7590B98EB39B}
	EndGlobalSection
	GlobalSection(ExtensibilityGlobals) = postSolution
		SolutionGuid = {A731E28D-B106-4BDA-A32B-077DF09B4161}
	EndGlobalSection
EndGlobal
