
Microsoft Visual Studio Solution File, Format Version 12.00
# Visual Studio Version 17
VisualStudioVersion = 17.0.31903.59
MinimumVisualStudioVersion = 10.0.40219.1
Project("{2150E333-8FDC-42A3-9474-1A3956D46DE8}") = "src", "src", "{827E0CD3-B72D-47B6-A68D-7590B98EB39B}"
EndProject
Project("{2150E333-8FDC-42A3-9474-1A3956D46DE8}") = "test", "test", "{0C88DD14-F956-CE84-757C-A364CCF449FC}"
EndProject
Project("{FAE04EC0-301F-11D3-BF4B-00C04F79EFBC}") = "FrenchExDev.Net.NuGet", "src\FrenchExDev.Net.NuGet\FrenchExDev.Net.NuGet.csproj", "{62D87612-664D-4EF1-B064-B3D64AC9AA06}"
EndProject
Project("{FAE04EC0-301F-11D3-BF4B-00C04F79EFBC}") = "FrenchExDev.Net.NuGet.Abstractions", "src\FrenchExDev.Net.NuGet.Abstractions\FrenchExDev.Net.NuGet.Abstractions.csproj", "{65631FD2-4CB2-4740-8F00-721A965C9E0B}"
EndProject
Project("{FAE04EC0-301F-11D3-BF4B-00C04F79EFBC}") = "FrenchExDev.Net.NuGet.Infrastructure", "src\FrenchExDev.Net.NuGet.Infrastructure\FrenchExDev.Net.NuGet.Infrastructure.csproj", "{9D951C95-FC76-4300-AAB0-CF3E4B09785E}"
EndProject
Project("{FAE04EC0-301F-11D3-BF4B-00C04F79EFBC}") = "FrenchExDev.Net.NuGet.Testing", "src\FrenchExDev.Net.NuGet.Testing\FrenchExDev.Net.NuGet.Testing.csproj", "{BEB78F82-DAF3-43D0-9191-478554AFF945}"
EndProject
Project("{FAE04EC0-301F-11D3-BF4B-00C04F79EFBC}") = "FrenchExDev.Net.NuGet.Tests", "test\FrenchExDev.Net.NuGet.Tests\FrenchExDev.Net.NuGet.Tests.csproj", "{431E93B1-65FD-48B2-BF28-AD696F4FE83C}"
EndProject
Project("{2150E333-8FDC-42A3-9474-1A3956D46DE8}") = "Éléments de solution", "Éléments de solution", "{F7B3D445-8A77-65FF-64DD-D0037FF5B8EB}"
	ProjectSection(SolutionItems) = preProject
		LICENSE = LICENSE
		README.md = README.md
	EndProjectSection
EndProject
Global
	GlobalSection(SolutionConfigurationPlatforms) = preSolution
		Debug|Any CPU = Debug|Any CPU
		Release|Any CPU = Release|Any CPU
	EndGlobalSection
	GlobalSection(ProjectConfigurationPlatforms) = postSolution
		{62D87612-664D-4EF1-B064-B3D64AC9AA06}.Debug|Any CPU.ActiveCfg = Debug|Any CPU
		{62D87612-664D-4EF1-B064-B3D64AC9AA06}.Debug|Any CPU.Build.0 = Debug|Any CPU
		{62D87612-664D-4EF1-B064-B3D64AC9AA06}.Release|Any CPU.ActiveCfg = Release|Any CPU
		{62D87612-664D-4EF1-B064-B3D64AC9AA06}.Release|Any CPU.Build.0 = Release|Any CPU
		{65631FD2-4CB2-4740-8F00-721A965C9E0B}.Debug|Any CPU.ActiveCfg = Debug|Any CPU
		{65631FD2-4CB2-4740-8F00-721A965C9E0B}.Debug|Any CPU.Build.0 = Debug|Any CPU
		{65631FD2-4CB2-4740-8F00-721A965C9E0B}.Release|Any CPU.ActiveCfg = Release|Any CPU
		{65631FD2-4CB2-4740-8F00-721A965C9E0B}.Release|Any CPU.Build.0 = Release|Any CPU
		{9D951C95-FC76-4300-AAB0-CF3E4B09785E}.Debug|Any CPU.ActiveCfg = Debug|Any CPU
		{9D951C95-FC76-4300-AAB0-CF3E4B09785E}.Debug|Any CPU.Build.0 = Debug|Any CPU
		{9D951C95-FC76-4300-AAB0-CF3E4B09785E}.Release|Any CPU.ActiveCfg = Release|Any CPU
		{9D951C95-FC76-4300-AAB0-CF3E4B09785E}.Release|Any CPU.Build.0 = Release|Any CPU
		{BEB78F82-DAF3-43D0-9191-478554AFF945}.Debug|Any CPU.ActiveCfg = Debug|Any CPU
		{BEB78F82-DAF3-43D0-9191-478554AFF945}.Debug|Any CPU.Build.0 = Debug|Any CPU
		{BEB78F82-DAF3-43D0-9191-478554AFF945}.Release|Any CPU.ActiveCfg = Release|Any CPU
		{BEB78F82-DAF3-43D0-9191-478554AFF945}.Release|Any CPU.Build.0 = Release|Any CPU
		{431E93B1-65FD-48B2-BF28-AD696F4FE83C}.Debug|Any CPU.ActiveCfg = Debug|Any CPU
		{431E93B1-65FD-48B2-BF28-AD696F4FE83C}.Debug|Any CPU.Build.0 = Debug|Any CPU
		{431E93B1-65FD-48B2-BF28-AD696F4FE83C}.Release|Any CPU.ActiveCfg = Release|Any CPU
		{431E93B1-65FD-48B2-BF28-AD696F4FE83C}.Release|Any CPU.Build.0 = Release|Any CPU
	EndGlobalSection
	GlobalSection(SolutionProperties) = preSolution
		HideSolutionNode = FALSE
	EndGlobalSection
	GlobalSection(NestedProjects) = preSolution
		{62D87612-664D-4EF1-B064-B3D64AC9AA06} = {827E0CD3-B72D-47B6-A68D-7590B98EB39B}
		{65631FD2-4CB2-4740-8F00-721A965C9E0B} = {827E0CD3-B72D-47B6-A68D-7590B98EB39B}
		{9D951C95-FC76-4300-AAB0-CF3E4B09785E} = {827E0CD3-B72D-47B6-A68D-7590B98EB39B}
		{BEB78F82-DAF3-43D0-9191-478554AFF945} = {827E0CD3-B72D-47B6-A68D-7590B98EB39B}
		{431E93B1-65FD-48B2-BF28-AD696F4FE83C} = {0C88DD14-F956-CE84-757C-A364CCF449FC}
	EndGlobalSection
	GlobalSection(ExtensibilityGlobals) = postSolution
		SolutionGuid = {1FA17F76-1E22-414E-B185-432036A0DEE0}
	EndGlobalSection
EndGlobal
